{
  "name": "@aiwins/tui-editor",
  "version": "1.1.12",
  "lockfileVersion": 1,
  "requires": true,
  "dependencies": {
    "@aiwins/codemirror": {
      "version": "1.1.0",
      "resolved": "https://registry.npmjs.org/@aiwins/codemirror/-/codemirror-1.1.0.tgz",
      "integrity": "sha512-qbkSt8/NgQx4Ji51BaoqPjyZxEui0RZcohBTafKKcskvpTdfal29cKJMC+lg4FbmxjnTbIe9RCrIAJ0frA3/1g==",
      "requires": {
        "@aiwins/core": "^1.1.0",
        "codemirror": "^5.49.2"
      }
    },
    "@aiwins/core": {
      "version": "1.1.0",
      "resolved": "https://registry.npmjs.org/@aiwins/core/-/core-1.1.0.tgz",
      "integrity": "sha512-vemX3OhYqetrXuvK4kqTIEia2NG+gCH0zcxWt7dgtkWc5Z2P3JLjkufLoYNX9WySbDC0xKwlZznvSkISGKm4LQ==",
      "requires": {
        "@aiwins/utils": "^1.1.0"
      }
    },
    "@aiwins/highlight.js": {
      "version": "1.1.0",
      "resolved": "https://registry.npmjs.org/@aiwins/highlight.js/-/highlight.js-1.1.0.tgz",
      "integrity": "sha512-O8xDBPGhGEHK5l/RdlB8soWjiUObpeJI+za55jzlduQh2Q1lLfk/n1ZqH65631IGwMlFZBX68u4v8Me6Cj8jcQ==",
      "requires": {
        "@aiwins/core": "^1.1.0"
      }
    },
    "@aiwins/jquery": {
      "version": "1.1.0",
      "resolved": "https://registry.npmjs.org/@aiwins/jquery/-/jquery-1.1.0.tgz",
      "integrity": "sha512-oI5LChFuHAV3mOvHxctDpxtuZ8noj5enxJOV9cR1Ft2ZJywvDxKWOpBrz84cziD4ab4qyqwbfLOknL1anzmfWQ==",
      "requires": {
        "@aiwins/core": "^1.1.0",
        "jquery": "^3.4.1"
      }
    },
    "@aiwins/markdown-it": {
      "version": "1.1.0",
      "resolved": "https://registry.npmjs.org/@aiwins/markdown-it/-/markdown-it-1.1.0.tgz",
      "integrity": "sha512-zfFTEcAWsHzbyTfWzib7hCDrsabBW3/QD+t+zuopoII2jizezfosc7UQZMI8Q6adhLn2CbcUEK0f5T2padMlcg==",
      "requires": {
        "@aiwins/core": "^1.1.0",
        "markdown-it": "^10.0.0"
      }
    },
    "@aiwins/utils": {
      "version": "1.1.0",
      "resolved": "https://registry.npmjs.org/@aiwins/utils/-/utils-1.1.0.tgz",
      "integrity": "sha512-nawxFOlEdpI//gwwk+EvNrQkltkulR6B+IQ5EZHU4MkH7sM91nNKl3GnpmoQjdz/jY3xwrslzM0sQp54vcJ7+g==",
      "requires": {
        "just-compare": "^1.3.0"
      }
    },
    "@types/codemirror": {
      "version": "0.0.71",
      "resolved": "https://registry.npmjs.org/@types/codemirror/-/codemirror-0.0.71.tgz",
      "integrity": "sha512-b2oEEnno1LIGKMR7uBEsr40al1UijF1HEpRn0+Yf1xOLl24iQgB7DBpZVMM7y54G5wCNoclDrRO65E6KHPNO2w==",
      "requires": {
        "@types/tern": "*"
      }
    },
    "@types/estree": {
      "version": "0.0.44",
      "resolved": "https://registry.npmjs.org/@types/estree/-/estree-0.0.44.tgz",
      "integrity": "sha512-iaIVzr+w2ZJ5HkidlZ3EJM8VTZb2MJLCjw3V+505yVts0gRC4UMvjw0d1HPtGqI/HQC/KdsYtayfzl+AXY2R8g=="
    },
    "@types/jquery": {
      "version": "3.3.38",
      "resolved": "https://registry.npmjs.org/@types/jquery/-/jquery-3.3.38.tgz",
      "integrity": "sha512-nkDvmx7x/6kDM5guu/YpXkGZ/Xj/IwGiLDdKM99YA5Vag7pjGyTJ8BNUh/6hxEn/sEu5DKtyRgnONJ7EmOoKrA==",
      "requires": {
        "@types/sizzle": "*"
      }
    },
    "@types/linkify-it": {
      "version": "2.1.0",
      "resolved": "https://registry.npmjs.org/@types/linkify-it/-/linkify-it-2.1.0.tgz",
      "integrity": "sha512-Q7DYAOi9O/+cLLhdaSvKdaumWyHbm7HAk/bFwwyTuU0arR5yyCeW5GOoqt4tJTpDRxhpx9Q8kQL6vMpuw9hDSw=="
    },
    "@types/markdown-it": {
      "version": "0.0.7",
      "resolved": "https://registry.npmjs.org/@types/markdown-it/-/markdown-it-0.0.7.tgz",
      "integrity": "sha512-WyL6pa76ollQFQNEaLVa41ZUUvDvPY+qAUmlsphnrpL6I9p1m868b26FyeoOmo7X3/Ta/S9WKXcEYXUSHnxoVQ==",
      "requires": {
        "@types/linkify-it": "*"
      }
    },
    "@types/sizzle": {
      "version": "2.3.2",
      "resolved": "https://registry.npmjs.org/@types/sizzle/-/sizzle-2.3.2.tgz",
      "integrity": "sha512-7EJYyKTL7tFR8+gDbB6Wwz/arpGa0Mywk1TJbNzKzHtzbwVmY4HR9WqS5VV7dsBUKQmPNr192jHr/VpBluj/hg=="
    },
    "@types/tern": {
      "version": "0.23.3",
      "resolved": "https://registry.npmjs.org/@types/tern/-/tern-0.23.3.tgz",
      "integrity": "sha512-imDtS4TAoTcXk0g7u4kkWqedB3E4qpjXzCpD2LU5M5NAXHzCDsypyvXSaG7mM8DKYkCRa7tFp4tS/lp/Wo7Q3w==",
      "requires": {
        "@types/estree": "*"
      }
    },
    "argparse": {
      "version": "1.0.10",
      "resolved": "https://registry.npmjs.org/argparse/-/argparse-1.0.10.tgz",
      "integrity": "sha512-o5Roy6tNG4SL/FOkCAN6RzjiakZS25RLYFrcMttJqbdd8BWrnA+fGz57iN5Pb06pvBGvl5gQ0B48dJlslXvoTg==",
      "requires": {
        "sprintf-js": "~1.0.2"
      }
    },
    "codemirror": {
      "version": "5.53.2",
      "resolved": "https://registry.npmjs.org/codemirror/-/codemirror-5.53.2.tgz",
      "integrity": "sha512-wvSQKS4E+P8Fxn/AQ+tQtJnF1qH5UOlxtugFLpubEZ5jcdH2iXTVinb+Xc/4QjshuOxRm4fUsU2QPF1JJKiyXA=="
    },
    "core-js": {
      "version": "3.6.5",
      "resolved": "https://registry.npmjs.org/core-js/-/core-js-3.6.5.tgz",
      "integrity": "sha512-vZVEEwZoIsI+vPEuoF9Iqf5H7/M3eeQqWlQnYa8FSKKePuYTf5MWnxb5SDAzCa60b3JBRS5g9b+Dq7b1y/RCrA=="
    },
    "entities": {
      "version": "2.0.2",
      "resolved": "https://registry.npmjs.org/entities/-/entities-2.0.2.tgz",
      "integrity": "sha512-dmD3AvJQBUjKpcNkoqr+x+IF0SdRtPz9Vk0uTy4yWqga9ibB6s4v++QFWNohjiUGoMlF552ZvNyXDxz5iW0qmw=="
    },
    "eve": {
      "version": "git://github.com/adobe-webplatform/eve.git#eef80ed8d188423c2272746fb8ae5cc8dad84cb1",
      "from": "git://github.com/adobe-webplatform/eve.git#eef80ed"
    },
    "highlight.js": {
      "version": "9.18.1",
      "resolved": "https://registry.npmjs.org/highlight.js/-/highlight.js-9.18.1.tgz",
      "integrity": "sha512-OrVKYz70LHsnCgmbXctv/bfuvntIKDz177h0Co37DQ5jamGZLVmoCVMtjMtNZY3X9DrCcKfklHPNeA0uPZhSJg=="
    },
    "jquery": {
      "version": "3.5.1",
      "resolved": "https://registry.npmjs.org/jquery/-/jquery-3.5.1.tgz",
      "integrity": "sha512-XwIBPqcMn57FxfT+Go5pzySnm4KWkT1Tv7gjrpT1srtf8Weynl6R273VJ5GjkRb51IzMp5nbaPjJXMWeju2MKg=="
    },
    "just-compare": {
      "version": "1.3.0",
      "resolved": "https://registry.npmjs.org/just-compare/-/just-compare-1.3.0.tgz",
      "integrity": "sha512-i4QNo3mPYubDmAwPbCKQl5C2b5s0yudP5V5GDp6lGR1PM22Em4Idf7mcaIzXYcL6/RLdZtuGrAqkBe9RYM/t4w=="
    },
    "linkify-it": {
      "version": "2.2.0",
      "resolved": "https://registry.npmjs.org/linkify-it/-/linkify-it-2.2.0.tgz",
      "integrity": "sha512-GnAl/knGn+i1U/wjBz3akz2stz+HrHLsxMwHQGofCDfPvlf+gDKN58UtfmUquTY4/MXeE2x7k19KQmeoZi94Iw==",
      "requires": {
        "uc.micro": "^1.0.1"
      }
    },
    "markdown-it": {
      "version": "10.0.0",
      "resolved": "https://registry.npmjs.org/markdown-it/-/markdown-it-10.0.0.tgz",
      "integrity": "sha512-YWOP1j7UbDNz+TumYP1kpwnP0aEa711cJjrAQrzd0UXlbJfc5aAq0F/PZHjiioqDC1NKgvIMX+o+9Bk7yuM2dg==",
      "requires": {
        "argparse": "^1.0.7",
        "entities": "~2.0.0",
        "linkify-it": "^2.0.0",
        "mdurl": "^1.0.1",
        "uc.micro": "^1.0.5"
      }
    },
    "mdurl": {
      "version": "1.0.1",
      "resolved": "https://registry.npmjs.org/mdurl/-/mdurl-1.0.1.tgz",
      "integrity": "sha1-/oWy7HWlkDfyrf7BAP1sYBdhFS4="
    },
    "plantuml-encoder": {
      "version": "1.4.0",
      "resolved": "https://registry.npmjs.org/plantuml-encoder/-/plantuml-encoder-1.4.0.tgz",
      "integrity": "sha512-sxMwpDw/ySY1WB2CE3+IdMuEcWibJ72DDOsXLkSmEaSzwEUaYBT6DWgOfBiHGCux4q433X6+OEFWjlVqp7gL6g=="
    },
    "raphael": {
      "version": "git+https://github.com/nhn/raphael.git#78a6ed3ec269f33b6457b0ec66f8c3d1f2ed70e0",
      "from": "git+https://github.com/nhn/raphael.git#2.2.0-c",
      "requires": {
        "eve": "git://github.com/adobe-webplatform/eve.git#eef80ed"
      }
    },
    "resize-observer-polyfill": {
      "version": "1.5.1",
      "resolved": "https://registry.npmjs.org/resize-observer-polyfill/-/resize-observer-polyfill-1.5.1.tgz",
      "integrity": "sha512-LwZrotdHOo12nQuZlHEmtuXdqGoOD0OhaxopaNFxWzInpEgaLWoVuAMbTzixuosCx2nEG58ngzW3vxdWoxIgdg=="
    },
    "sprintf-js": {
      "version": "1.0.3",
      "resolved": "https://registry.npmjs.org/sprintf-js/-/sprintf-js-1.0.3.tgz",
      "integrity": "sha1-BOaSb2YolTVPPdAVIDYzuFcpfiw="
    },
    "squire-rte": {
      "version": "github:seonim-ryu/Squire#fd40b4e3020845825701e9689f190bab3f4775d4",
      "from": "github:seonim-ryu/Squire#fd40b4e3020845825701e9689f190bab3f4775d4"
    },
    "to-mark": {
      "version": "1.1.9",
      "resolved": "https://registry.npmjs.org/to-mark/-/to-mark-1.1.9.tgz",
      "integrity": "sha512-qHVnIhvwJbIIqOjuJgH2JlOmV/wPSSAY0QOQ47xQb9VPCzhV0Nd23+bBD4K/mzDGJA5lckZMfkgLScYvqKnPpg=="
    },
    "tui-chart": {
      "version": "3.11.2",
      "resolved": "https://registry.npmjs.org/tui-chart/-/tui-chart-3.11.2.tgz",
      "integrity": "sha512-DUJIutBG/tOdvJnGCo1PcBhFyGBWsY8VIMdXe3WRtGXynMwOcC5cojYpULf3qFJ4Jj1Riv3/kbF6Ygmi+BpjCw==",
      "requires": {
        "core-js": "^3.6.4",
        "raphael": "git+https://github.com/nhn/raphael.git#2.2.0-c",
        "tui-code-snippet": "^2.3.1"
      },
      "dependencies": {
        "tui-code-snippet": {
          "version": "2.3.2",
          "resolved": "https://registry.npmjs.org/tui-code-snippet/-/tui-code-snippet-2.3.2.tgz",
          "integrity": "sha512-6jGbM/m7A2L59lJSripwMVp87awrWgJXezlLV8GuAha3s0k01E4+MndoU5WlXd4dauVRgzHhKguTVslx/jMehw=="
        }
      }
    },
    "tui-code-snippet": {
      "version": "1.5.2",
      "resolved": "https://registry.npmjs.org/tui-code-snippet/-/tui-code-snippet-1.5.2.tgz",
      "integrity": "sha512-6UqTlQaaC1KLcmC0HAoq5dtl1G4Fib+R+NC7pmaV7kiIlZ7JqKhUmnOoGRcreAyzd81UTK/vCvhrw9QJskpCFQ=="
    },
    "tui-color-picker": {
      "version": "2.2.6",
      "resolved": "https://registry.npmjs.org/tui-color-picker/-/tui-color-picker-2.2.6.tgz",
      "integrity": "sha512-+GBTUFGOkDaFiyYt/4IJTKA68Oj7fC9lU+RHs56luyFHYSO3gWuvsZntxAvFFeCGiZFFhu9XQQaZ0rVS5TUOmA==",
      "requires": {
        "tui-code-snippet": "^2.2.0"
      },
      "dependencies": {
        "tui-code-snippet": {
          "version": "2.3.2",
          "resolved": "https://registry.npmjs.org/tui-code-snippet/-/tui-code-snippet-2.3.2.tgz",
          "integrity": "sha512-6jGbM/m7A2L59lJSripwMVp87awrWgJXezlLV8GuAha3s0k01E4+MndoU5WlXd4dauVRgzHhKguTVslx/jMehw=="
        }
      }
    },
    "tui-editor": {
      "version": "1.4.10",
      "resolved": "https://registry.npmjs.org/tui-editor/-/tui-editor-1.4.10.tgz",
      "integrity": "sha512-fET8etzvxTm0cFa7C8cbDFkPZ8R9s/oWVRr4i7Z1QKk4YkmY/hDjrdtWPXuIOy4/IzCWQHnv4TmnyVZmAbuG5Q==",
      "requires": {
        "@types/codemirror": "0.0.71",
        "@types/jquery": "^3.3.29",
        "@types/markdown-it": "0.0.7",
        "codemirror": "^5.48.4",
        "highlight.js": "^9.12.0",
        "jquery": "^3.3.1",
        "markdown-it": "^9.0.0",
        "plantuml-encoder": "^1.2.5",
        "resize-observer-polyfill": "^1.5.0",
        "squire-rte": "github:seonim-ryu/Squire#fd40b4e3020845825701e9689f190bab3f4775d4",
        "to-mark": "^1.1.9",
        "tui-chart": "^3.7.0",
        "tui-code-snippet": "^1.5.0",
        "tui-color-picker": "^2.2.1"
      },
      "dependencies": {
        "entities": {
          "version": "1.1.2",
          "resolved": "https://registry.npmjs.org/entities/-/entities-1.1.2.tgz",
          "integrity": "sha512-f2LZMYl1Fzu7YSBKg+RoROelpOaNrcGmE9AZubeDfrCEia483oW4MI4VyFd5VNHIgQ/7qm1I0wUHK1eJnn2y2w=="
        },
        "markdown-it": {
          "version": "9.1.0",
          "resolved": "https://registry.npmjs.org/markdown-it/-/markdown-it-9.1.0.tgz",
          "integrity": "sha512-xHKG4C8iPriyfu/jc2hsCC045fKrMQ0VexX2F1FGYiRxDxqMB2aAhF8WauJ3fltn2kb90moGBkiiEdooGIg55w==",
          "requires": {
            "argparse": "^1.0.7",
            "entities": "~1.1.1",
            "linkify-it": "^2.0.0",
            "mdurl": "^1.0.1",
            "uc.micro": "^1.0.5"
          }
        }
      }
    },
    "uc.micro": {
      "version": "1.0.6",
      "resolved": "https://registry.npmjs.org/uc.micro/-/uc.micro-1.0.6.tgz",
      "integrity": "sha512-8Y75pvTYkLJW2hWQHXxoqRgV7qb9B+9vFEtidML+7koHUFapnVJAZ6cKs+Qjz5Aw3aZWHMC6u0wJE3At+nSGwA=="
    }
  }
}
