# THIS IS AN AUTOGENERATED FILE. DO NOT EDIT THIS FILE DIRECTLY.
# yarn lockfile v1


"@aiwins/core@^1.1.0":
  version "1.1.0"
  resolved "https://registry.yarnpkg.com/@aiwins/core/-/core-1.1.0.tgz#c5d0021174539dec0322b720668c37ff2f9e40f7"
  integrity sha512-vemX3OhYqetrXuvK4kqTIEia2NG+gCH0zcxWt7dgtkWc5Z2P3JLjkufLoYNX9WySbDC0xKwlZznvSkISGKm4LQ==
  dependencies:
    "@aiwins/utils" "^1.1.0"

"@aiwins/utils@^1.1.0":
  version "1.1.0"
  resolved "https://registry.yarnpkg.com/@aiwins/utils/-/utils-1.1.0.tgz#a01ecf56e8f4a08e45afadd17d65d92d927c20cd"
  integrity sha512-nawxFOlEdpI//gwwk+EvNrQkltkulR6B+IQ5EZHU4MkH7sM91nNKl3GnpmoQjdz/jY3xwrslzM0sQp54vcJ7+g==
  dependencies:
    just-compare "^1.3.0"

es6-object-assign@^1.1.0:
  version "1.1.0"
  resolved "https://registry.yarnpkg.com/es6-object-assign/-/es6-object-assign-1.1.0.tgz#c2c3582656247c39ea107cb1e6652b6f9f24523c"
  integrity sha1-wsNYJlYkfDnqEHyx5mUrb58kUjw=

just-compare@^1.3.0:
  version "1.3.0"
  resolved "https://registry.yarnpkg.com/just-compare/-/just-compare-1.3.0.tgz#a53c31373f150a5b238555c243af4d8a38d7a0e5"
  integrity sha512-i4QNo3mPYubDmAwPbCKQl5C2b5s0yudP5V5GDp6lGR1PM22Em4Idf7mcaIzXYcL6/RLdZtuGrAqkBe9RYM/t4w==

promise-polyfill@^6.0.2:
  version "6.1.0"
  resolved "https://registry.yarnpkg.com/promise-polyfill/-/promise-polyfill-6.1.0.tgz#dfa96943ea9c121fca4de9b5868cb39d3472e057"
  integrity sha1-36lpQ+qcEh/KTem1hoyznTRy4Fc=

sweetalert@^2.1.2:
  version "2.1.2"
  resolved "https://registry.yarnpkg.com/sweetalert/-/sweetalert-2.1.2.tgz#010baaa80d0dbdc86f96bfcaa96b490728594b79"
  integrity sha512-iWx7X4anRBNDa/a+AdTmvAzQtkN1+s4j/JJRWlHpYE8Qimkohs8/XnFcWeYHH2lMA8LRCa5tj2d244If3S/hzA==
  dependencies:
    es6-object-assign "^1.1.0"
    promise-polyfill "^6.0.2"
