
Microsoft Visual Studio Solution File, Format Version 12.00
# Visual Studio 15
VisualStudioVersion = 15.0.26124.0
MinimumVisualStudioVersion = 15.0.26124.0
Project("{FAE04EC0-301F-11D3-BF4B-00C04F79EFBC}") = "Aiwins.Rocket.AuditLogging.Domain", "src\Aiwins.Rocket.AuditLogging.Domain\Aiwins.Rocket.AuditLogging.Domain.csproj", "{47BE6607-84A2-4257-930C-D91C549A70A7}"
EndProject
Project("{FAE04EC0-301F-11D3-BF4B-00C04F79EFBC}") = "Aiwins.Rocket.AuditLogging.Domain.Shared", "src\Aiwins.Rocket.AuditLogging.Domain.Shared\Aiwins.Rocket.AuditLogging.Domain.Shared.csproj", "{16776130-467C-4462-977C-28A069301B4A}"
EndProject
Project("{FAE04EC0-301F-11D3-BF4B-00C04F79EFBC}") = "Aiwins.Rocket.AuditLogging.EntityFrameworkCore", "src\Aiwins.Rocket.AuditLogging.EntityFrameworkCore\Aiwins.Rocket.AuditLogging.EntityFrameworkCore.csproj", "{C04BA6A3-9FAA-4B05-A9B7-EE750A462497}"
EndProject
Project("{FAE04EC0-301F-11D3-BF4B-00C04F79EFBC}") = "Aiwins.Rocket.AuditLogging.MongoDB", "src\Aiwins.Rocket.AuditLogging.MongoDB\Aiwins.Rocket.AuditLogging.MongoDB.csproj", "{0A666D8F-77A9-41C7-9B73-A37D3E2BCC99}"
EndProject
Global
	GlobalSection(SolutionConfigurationPlatforms) = preSolution
		Debug|Any CPU = Debug|Any CPU
		Debug|x64 = Debug|x64
		Debug|x86 = Debug|x86
		Release|Any CPU = Release|Any CPU
		Release|x64 = Release|x64
		Release|x86 = Release|x86
	EndGlobalSection
	GlobalSection(SolutionProperties) = preSolution
		HideSolutionNode = FALSE
	EndGlobalSection
	GlobalSection(ProjectConfigurationPlatforms) = postSolution
		{47BE6607-84A2-4257-930C-D91C549A70A7}.Debug|Any CPU.ActiveCfg = Debug|Any CPU
		{47BE6607-84A2-4257-930C-D91C549A70A7}.Debug|Any CPU.Build.0 = Debug|Any CPU
		{47BE6607-84A2-4257-930C-D91C549A70A7}.Debug|x64.ActiveCfg = Debug|Any CPU
		{47BE6607-84A2-4257-930C-D91C549A70A7}.Debug|x64.Build.0 = Debug|Any CPU
		{47BE6607-84A2-4257-930C-D91C549A70A7}.Debug|x86.ActiveCfg = Debug|Any CPU
		{47BE6607-84A2-4257-930C-D91C549A70A7}.Debug|x86.Build.0 = Debug|Any CPU
		{47BE6607-84A2-4257-930C-D91C549A70A7}.Release|Any CPU.ActiveCfg = Release|Any CPU
		{47BE6607-84A2-4257-930C-D91C549A70A7}.Release|Any CPU.Build.0 = Release|Any CPU
		{47BE6607-84A2-4257-930C-D91C549A70A7}.Release|x64.ActiveCfg = Release|Any CPU
		{47BE6607-84A2-4257-930C-D91C549A70A7}.Release|x64.Build.0 = Release|Any CPU
		{47BE6607-84A2-4257-930C-D91C549A70A7}.Release|x86.ActiveCfg = Release|Any CPU
		{47BE6607-84A2-4257-930C-D91C549A70A7}.Release|x86.Build.0 = Release|Any CPU
		{16776130-467C-4462-977C-28A069301B4A}.Debug|Any CPU.ActiveCfg = Debug|Any CPU
		{16776130-467C-4462-977C-28A069301B4A}.Debug|Any CPU.Build.0 = Debug|Any CPU
		{16776130-467C-4462-977C-28A069301B4A}.Debug|x64.ActiveCfg = Debug|Any CPU
		{16776130-467C-4462-977C-28A069301B4A}.Debug|x64.Build.0 = Debug|Any CPU
		{16776130-467C-4462-977C-28A069301B4A}.Debug|x86.ActiveCfg = Debug|Any CPU
		{16776130-467C-4462-977C-28A069301B4A}.Debug|x86.Build.0 = Debug|Any CPU
		{16776130-467C-4462-977C-28A069301B4A}.Release|Any CPU.ActiveCfg = Release|Any CPU
		{16776130-467C-4462-977C-28A069301B4A}.Release|Any CPU.Build.0 = Release|Any CPU
		{16776130-467C-4462-977C-28A069301B4A}.Release|x64.ActiveCfg = Release|Any CPU
		{16776130-467C-4462-977C-28A069301B4A}.Release|x64.Build.0 = Release|Any CPU
		{16776130-467C-4462-977C-28A069301B4A}.Release|x86.ActiveCfg = Release|Any CPU
		{16776130-467C-4462-977C-28A069301B4A}.Release|x86.Build.0 = Release|Any CPU
		{C04BA6A3-9FAA-4B05-A9B7-EE750A462497}.Debug|Any CPU.ActiveCfg = Debug|Any CPU
		{C04BA6A3-9FAA-4B05-A9B7-EE750A462497}.Debug|Any CPU.Build.0 = Debug|Any CPU
		{C04BA6A3-9FAA-4B05-A9B7-EE750A462497}.Debug|x64.ActiveCfg = Debug|Any CPU
		{C04BA6A3-9FAA-4B05-A9B7-EE750A462497}.Debug|x64.Build.0 = Debug|Any CPU
		{C04BA6A3-9FAA-4B05-A9B7-EE750A462497}.Debug|x86.ActiveCfg = Debug|Any CPU
		{C04BA6A3-9FAA-4B05-A9B7-EE750A462497}.Debug|x86.Build.0 = Debug|Any CPU
		{C04BA6A3-9FAA-4B05-A9B7-EE750A462497}.Release|Any CPU.ActiveCfg = Release|Any CPU
		{C04BA6A3-9FAA-4B05-A9B7-EE750A462497}.Release|Any CPU.Build.0 = Release|Any CPU
		{C04BA6A3-9FAA-4B05-A9B7-EE750A462497}.Release|x64.ActiveCfg = Release|Any CPU
		{C04BA6A3-9FAA-4B05-A9B7-EE750A462497}.Release|x64.Build.0 = Release|Any CPU
		{C04BA6A3-9FAA-4B05-A9B7-EE750A462497}.Release|x86.ActiveCfg = Release|Any CPU
		{C04BA6A3-9FAA-4B05-A9B7-EE750A462497}.Release|x86.Build.0 = Release|Any CPU
		{0A666D8F-77A9-41C7-9B73-A37D3E2BCC99}.Debug|Any CPU.ActiveCfg = Debug|Any CPU
		{0A666D8F-77A9-41C7-9B73-A37D3E2BCC99}.Debug|Any CPU.Build.0 = Debug|Any CPU
		{0A666D8F-77A9-41C7-9B73-A37D3E2BCC99}.Debug|x64.ActiveCfg = Debug|Any CPU
		{0A666D8F-77A9-41C7-9B73-A37D3E2BCC99}.Debug|x64.Build.0 = Debug|Any CPU
		{0A666D8F-77A9-41C7-9B73-A37D3E2BCC99}.Debug|x86.ActiveCfg = Debug|Any CPU
		{0A666D8F-77A9-41C7-9B73-A37D3E2BCC99}.Debug|x86.Build.0 = Debug|Any CPU
		{0A666D8F-77A9-41C7-9B73-A37D3E2BCC99}.Release|Any CPU.ActiveCfg = Release|Any CPU
		{0A666D8F-77A9-41C7-9B73-A37D3E2BCC99}.Release|Any CPU.Build.0 = Release|Any CPU
		{0A666D8F-77A9-41C7-9B73-A37D3E2BCC99}.Release|x64.ActiveCfg = Release|Any CPU
		{0A666D8F-77A9-41C7-9B73-A37D3E2BCC99}.Release|x64.Build.0 = Release|Any CPU
		{0A666D8F-77A9-41C7-9B73-A37D3E2BCC99}.Release|x86.ActiveCfg = Release|Any CPU
		{0A666D8F-77A9-41C7-9B73-A37D3E2BCC99}.Release|x86.Build.0 = Release|Any CPU
	EndGlobalSection
EndGlobal
