
Microsoft Visual Studio Solution File, Format Version 12.00
# Visual Studio 15
VisualStudioVersion = 15.0.26124.0
MinimumVisualStudioVersion = 15.0.26124.0
Project("{FAE04EC0-301F-11D3-BF4B-00C04F79EFBC}") = "Aiwins.Rocket", "src\Aiwins.Rocket\Aiwins.Rocket.csproj", "{892838FF-CF5E-4C85-898B-088541013DAF}"
EndProject
Project("{FAE04EC0-301F-11D3-BF4B-00C04F79EFBC}") = "Aiwins.Rocket.Core", "src\Aiwins.Rocket.Core\Aiwins.Rocket.Core.csproj", "{4B88BFAD-1C6A-420F-81B5-A599BD2BF463}"
EndProject
Project("{FAE04EC0-301F-11D3-BF4B-00C04F79EFBC}") = "Aiwins.Rocket.Data", "src\Aiwins.Rocket.Data\Aiwins.Rocket.Data.csproj", "{94666015-7DAE-412C-865D-C5DFFEDB4BF3}"
EndProject
Project("{FAE04EC0-301F-11D3-BF4B-00C04F79EFBC}") = "Aiwins.Rocket.ObjectExtending", "src\Aiwins.Rocket.ObjectExtending\Aiwins.Rocket.ObjectExtending.csproj", "{1369AC00-F3BB-48E2-8700-566C5FCB4D53}"
EndProject
Project("{FAE04EC0-301F-11D3-BF4B-00C04F79EFBC}") = "Aiwins.Rocket.Uow", "src\Aiwins.Rocket.Uow\Aiwins.Rocket.Uow.csproj", "{5145E3CC-4316-4247-AD45-BE993B662A8F}"
EndProject
Project("{FAE04EC0-301F-11D3-BF4B-00C04F79EFBC}") = "Aiwins.Rocket.Guids", "src\Aiwins.Rocket.Guids\Aiwins.Rocket.Guids.csproj", "{E45A8435-8585-4045-A8DA-06DD30A1EFC3}"
EndProject
Project("{FAE04EC0-301F-11D3-BF4B-00C04F79EFBC}") = "Aiwins.Rocket.ObjectMapping", "src\Aiwins.Rocket.ObjectMapping\Aiwins.Rocket.ObjectMapping.csproj", "{14D3DAEC-8BC3-4EA4-AE95-4A617A738482}"
EndProject
Project("{FAE04EC0-301F-11D3-BF4B-00C04F79EFBC}") = "Aiwins.Rocket.Security", "src\Aiwins.Rocket.Security\Aiwins.Rocket.Security.csproj", "{9A60BB65-81D3-4AF4-94AB-4CC8C4EEA2B5}"
EndProject
Project("{FAE04EC0-301F-11D3-BF4B-00C04F79EFBC}") = "Aiwins.Rocket.VirtualFileSystem", "src\Aiwins.Rocket.VirtualFileSystem\Aiwins.Rocket.VirtualFileSystem.csproj", "{91F4EDFE-C07A-4C5E-86AD-A591F72FE3F1}"
EndProject
Project("{FAE04EC0-301F-11D3-BF4B-00C04F79EFBC}") = "Aiwins.Rocket.Timing", "src\Aiwins.Rocket.Timing\Aiwins.Rocket.Timing.csproj", "{47168E73-282F-4837-AA29-D0CC00008461}"
EndProject
Project("{FAE04EC0-301F-11D3-BF4B-00C04F79EFBC}") = "Aiwins.Rocket.Threading", "src\Aiwins.Rocket.Threading\Aiwins.Rocket.Threading.csproj", "{522D5082-ECF8-4DBA-8FB8-2DDF0B1FEEF8}"
EndProject
Project("{FAE04EC0-301F-11D3-BF4B-00C04F79EFBC}") = "Aiwins.Rocket.Localization.Abstractions", "src\Aiwins.Rocket.Localization.Abstractions\Aiwins.Rocket.Localization.Abstractions.csproj", "{A8575FDC-49C7-4FF3-A85B-6A5C21E9E300}"
EndProject
Project("{FAE04EC0-301F-11D3-BF4B-00C04F79EFBC}") = "Aiwins.Rocket.Localization", "src\Aiwins.Rocket.Localization\Aiwins.Rocket.Localization.csproj", "{8B9E92F1-615C-4024-ADBD-1715C0994ACC}"
EndProject
Project("{FAE04EC0-301F-11D3-BF4B-00C04F79EFBC}") = "Aiwins.Rocket.Settings", "src\Aiwins.Rocket.Settings\Aiwins.Rocket.Settings.csproj", "{51FE95B4-55C5-4BE6-AE63-6C525B7FE4AB}"
EndProject
Project("{FAE04EC0-301F-11D3-BF4B-00C04F79EFBC}") = "Aiwins.Rocket.MultiTenancy", "src\Aiwins.Rocket.MultiTenancy\Aiwins.Rocket.MultiTenancy.csproj", "{FEBCBFE6-29C1-43B7-9835-EE2444D5CC8C}"
EndProject
Project("{FAE04EC0-301F-11D3-BF4B-00C04F79EFBC}") = "Aiwins.Rocket.Json", "src\Aiwins.Rocket.Json\Aiwins.Rocket.Json.csproj", "{B5578BB4-C55D-465B-B8ED-1C143B113124}"
EndProject
Project("{FAE04EC0-301F-11D3-BF4B-00C04F79EFBC}") = "Aiwins.Rocket.Auditing", "src\Aiwins.Rocket.Auditing\Aiwins.Rocket.Auditing.csproj", "{FE49DFB3-EF73-43F1-8AA7-8398129F24F7}"
EndProject
Project("{FAE04EC0-301F-11D3-BF4B-00C04F79EFBC}") = "Aiwins.Rocket.Authorization", "src\Aiwins.Rocket.Authorization\Aiwins.Rocket.Authorization.csproj", "{F8A645A8-2C6C-4601-9C7E-6B0C6B99D132}"
EndProject
Project("{FAE04EC0-301F-11D3-BF4B-00C04F79EFBC}") = "Aiwins.Rocket.AutoMapper", "src\Aiwins.Rocket.AutoMapper\Aiwins.Rocket.AutoMapper.csproj", "{D955D7CA-E02D-4B99-99C4-4C95552D5B37}"
EndProject
Project("{FAE04EC0-301F-11D3-BF4B-00C04F79EFBC}") = "Aiwins.Rocket.Autofac", "src\Aiwins.Rocket.Autofac\Aiwins.Rocket.Autofac.csproj", "{0B2F2696-CA50-4F6A-A48F-E958EB909E59}"
EndProject
Project("{FAE04EC0-301F-11D3-BF4B-00C04F79EFBC}") = "Aiwins.Rocket.Castle.Core", "src\Aiwins.Rocket.Castle.Core\Aiwins.Rocket.Castle.Core.csproj", "{A7F60E82-E972-4A0C-8A03-3532F0229FB5}"
EndProject
Project("{FAE04EC0-301F-11D3-BF4B-00C04F79EFBC}") = "Aiwins.Rocket.Dapper", "src\Aiwins.Rocket.Dapper\Aiwins.Rocket.Dapper.csproj", "{FDF6F245-7DFC-4137-9D96-E7267AD061C0}"
EndProject
Project("{FAE04EC0-301F-11D3-BF4B-00C04F79EFBC}") = "Aiwins.Rocket.EntityFrameworkCore", "src\Aiwins.Rocket.EntityFrameworkCore\Aiwins.Rocket.EntityFrameworkCore.csproj", "{3EE986E2-E9F6-4391-B9CB-B4A14EE69A26}"
EndProject
Project("{FAE04EC0-301F-11D3-BF4B-00C04F79EFBC}") = "Aiwins.Rocket.EntityFrameworkCore.MySQL", "src\Aiwins.Rocket.EntityFrameworkCore.MySQL\Aiwins.Rocket.EntityFrameworkCore.MySQL.csproj", "{783AFC15-F17F-4F08-80B8-5060F8FF1B06}"
EndProject
Project("{FAE04EC0-301F-11D3-BF4B-00C04F79EFBC}") = "Aiwins.Rocket.EntityFrameworkCore.PostgreSql", "src\Aiwins.Rocket.EntityFrameworkCore.PostgreSql\Aiwins.Rocket.EntityFrameworkCore.PostgreSql.csproj", "{E8BB9DD0-0313-4800-8A25-1A2226A0E0C6}"
EndProject
Project("{FAE04EC0-301F-11D3-BF4B-00C04F79EFBC}") = "Aiwins.Rocket.EntityFrameworkCore.Sqlite", "src\Aiwins.Rocket.EntityFrameworkCore.Sqlite\Aiwins.Rocket.EntityFrameworkCore.Sqlite.csproj", "{2E7EBD8F-F0F9-4B10-8947-932F8AC1529D}"
EndProject
Project("{FAE04EC0-301F-11D3-BF4B-00C04F79EFBC}") = "Aiwins.Rocket.EntityFrameworkCore.SqlServer", "src\Aiwins.Rocket.EntityFrameworkCore.SqlServer\Aiwins.Rocket.EntityFrameworkCore.SqlServer.csproj", "{38483BC6-B3BE-46D1-BDD6-BFBABB1FDAF5}"
EndProject
Project("{FAE04EC0-301F-11D3-BF4B-00C04F79EFBC}") = "Aiwins.Rocket.Ddd.Application", "src\Aiwins.Rocket.Ddd.Application\Aiwins.Rocket.Ddd.Application.csproj", "{9E8BC906-AF90-4F88-B198-C39408C51A00}"
EndProject
Project("{FAE04EC0-301F-11D3-BF4B-00C04F79EFBC}") = "Aiwins.Rocket.Ddd.Application.Contracts", "src\Aiwins.Rocket.Ddd.Application.Contracts\Aiwins.Rocket.Ddd.Application.Contracts.csproj", "{49C2AD5F-4334-4B3D-B55D-C6272CDCF291}"
EndProject
Project("{FAE04EC0-301F-11D3-BF4B-00C04F79EFBC}") = "Aiwins.Rocket.Ddd.Domain", "src\Aiwins.Rocket.Ddd.Domain\Aiwins.Rocket.Ddd.Domain.csproj", "{F54FCA14-5F06-42D8-A0E8-74B2DF9122FC}"
EndProject
Project("{FAE04EC0-301F-11D3-BF4B-00C04F79EFBC}") = "Aiwins.Rocket.Validation", "src\Aiwins.Rocket.Validation\Aiwins.Rocket.Validation.csproj", "{CE32F4A6-C494-4D5F-92DD-578A36404074}"
EndProject
Project("{FAE04EC0-301F-11D3-BF4B-00C04F79EFBC}") = "Aiwins.Rocket.Features", "src\Aiwins.Rocket.Features\Aiwins.Rocket.Features.csproj", "{E2C1D364-7726-4F0F-87BF-68B2A2D0098A}"
EndProject
Project("{FAE04EC0-301F-11D3-BF4B-00C04F79EFBC}") = "Aiwins.Rocket.EventBus", "src\Aiwins.Rocket.EventBus\Aiwins.Rocket.EventBus.csproj", "{D97DAD85-8CA2-43F2-B05B-DEDDA95D12FF}"
EndProject
Project("{FAE04EC0-301F-11D3-BF4B-00C04F79EFBC}") = "Aiwins.Rocket.EventBus.RabbitMQ", "src\Aiwins.Rocket.EventBus.RabbitMQ\Aiwins.Rocket.EventBus.RabbitMQ.csproj", "{6F2713F2-3CCC-400B-A6B1-41C203CDB99C}"
EndProject
Project("{FAE04EC0-301F-11D3-BF4B-00C04F79EFBC}") = "Aiwins.Rocket.RabbitMQ", "src\Aiwins.Rocket.RabbitMQ\Aiwins.Rocket.RabbitMQ.csproj", "{F374DC8F-2D72-44D5-8B85-88401D5D2881}"
EndProject
Project("{FAE04EC0-301F-11D3-BF4B-00C04F79EFBC}") = "Aiwins.Rocket.FluentValidation", "src\Aiwins.Rocket.FluentValidation\Aiwins.Rocket.FluentValidation.csproj", "{23154201-224D-4B9D-8ECE-8CF425A3A78A}"
EndProject
Project("{FAE04EC0-301F-11D3-BF4B-00C04F79EFBC}") = "Aiwins.Rocket.MongoDB", "src\Aiwins.Rocket.MongoDB\Aiwins.Rocket.MongoDB.csproj", "{EB6C7A9C-2653-43CF-B91C-66EF6792AE72}"
EndProject
Project("{FAE04EC0-301F-11D3-BF4B-00C04F79EFBC}") = "Aiwins.Rocket.HangFire", "src\Aiwins.Rocket.HangFire\Aiwins.Rocket.HangFire.csproj", "{F08A3969-32F3-4A7A-9B94-3E38CCD57C7F}"
EndProject
Project("{FAE04EC0-301F-11D3-BF4B-00C04F79EFBC}") = "Aiwins.Rocket.Sms", "src\Aiwins.Rocket.Sms\Aiwins.Rocket.Sms.csproj", "{FD038E9F-EF90-4C06-8767-6C2CADF81CAC}"
EndProject
Project("{FAE04EC0-301F-11D3-BF4B-00C04F79EFBC}") = "Aiwins.Rocket.Emailing", "src\Aiwins.Rocket.Emailing\Aiwins.Rocket.Emailing.csproj", "{E8B0CCDB-934E-4574-944A-E101CBFC958F}"
EndProject
Project("{FAE04EC0-301F-11D3-BF4B-00C04F79EFBC}") = "Aiwins.Rocket.BackgroundJobs", "src\Aiwins.Rocket.BackgroundJobs\Aiwins.Rocket.BackgroundJobs.csproj", "{2C17FB02-1E6C-4DD8-B6DB-4D0DE3D3DC42}"
EndProject
Project("{FAE04EC0-301F-11D3-BF4B-00C04F79EFBC}") = "Aiwins.Rocket.BackgroundJobs.Abstractions", "src\Aiwins.Rocket.BackgroundJobs.Abstractions\Aiwins.Rocket.BackgroundJobs.Abstractions.csproj", "{13304B2D-139F-4BF6-95EC-498402AF7FF4}"
EndProject
Project("{FAE04EC0-301F-11D3-BF4B-00C04F79EFBC}") = "Aiwins.Rocket.BackgroundJobs.HangFire", "src\Aiwins.Rocket.BackgroundJobs.HangFire\Aiwins.Rocket.BackgroundJobs.HangFire.csproj", "{923310DE-C9CF-465E-B1BD-4C4FEFDBE8FF}"
EndProject
Project("{FAE04EC0-301F-11D3-BF4B-00C04F79EFBC}") = "Aiwins.Rocket.BackgroundJobs.Quartz", "src\Aiwins.Rocket.BackgroundJobs.Quartz\Aiwins.Rocket.BackgroundJobs.Quartz.csproj", "{91AA0C11-02E1-4F50-A35C-8DF2D7F80862}"
EndProject
Project("{FAE04EC0-301F-11D3-BF4B-00C04F79EFBC}") = "Aiwins.Rocket.BackgroundJobs.RabbitMQ", "src\Aiwins.Rocket.BackgroundJobs.RabbitMQ\Aiwins.Rocket.BackgroundJobs.RabbitMQ.csproj", "{05BD05A3-C59C-4208-A613-DC462CB50135}"
EndProject
Project("{FAE04EC0-301F-11D3-BF4B-00C04F79EFBC}") = "Aiwins.Rocket.BackgroundWorkers", "src\Aiwins.Rocket.BackgroundWorkers\Aiwins.Rocket.BackgroundWorkers.csproj", "{A4567F54-B44F-4717-B560-97A9A0C5D56A}"
EndProject
Project("{FAE04EC0-301F-11D3-BF4B-00C04F79EFBC}") = "Aiwins.Rocket.BackgroundWorkers.Quartz", "src\Aiwins.Rocket.BackgroundWorkers.Quartz\Aiwins.Rocket.BackgroundWorkers.Quartz.csproj", "{5F28823F-E364-40DA-967A-CDD71C379843}"
EndProject
Project("{FAE04EC0-301F-11D3-BF4B-00C04F79EFBC}") = "Aiwins.Rocket.MailKit", "src\Aiwins.Rocket.MailKit\Aiwins.Rocket.MailKit.csproj", "{CDD47CBD-2B24-4BCA-AD14-4522EDC12CF1}"
EndProject
Project("{FAE04EC0-301F-11D3-BF4B-00C04F79EFBC}") = "Aiwins.Rocket.Quartz", "src\Aiwins.Rocket.Quartz\Aiwins.Rocket.Quartz.csproj", "{77DD3B94-6CF2-41CB-919C-788584DFDFCD}"
EndProject
Project("{FAE04EC0-301F-11D3-BF4B-00C04F79EFBC}") = "Aiwins.Rocket.Specifications", "src\Aiwins.Rocket.Specifications\Aiwins.Rocket.Specifications.csproj", "{EB06B43D-F5C8-4812-A9D0-476D3309AA21}"
EndProject
Project("{FAE04EC0-301F-11D3-BF4B-00C04F79EFBC}") = "Aiwins.Rocket.TestBase", "src\Aiwins.Rocket.TestBase\Aiwins.Rocket.TestBase.csproj", "{6FE92E78-2AB6-47B3-BE70-59FE0D4BAA84}"
EndProject
Project("{FAE04EC0-301F-11D3-BF4B-00C04F79EFBC}") = "Aiwins.Rocket.Serialization", "src\Aiwins.Rocket.Serialization\Aiwins.Rocket.Serialization.csproj", "{572083A2-13CA-40FA-8D97-AB6450EF1C43}"
EndProject
Project("{FAE04EC0-301F-11D3-BF4B-00C04F79EFBC}") = "Aiwins.Rocket.Minify", "src\Aiwins.Rocket.Minify\Aiwins.Rocket.Minify.csproj", "{06ACCD2F-3B68-4B05-8E10-AE0A9A7349B0}"
EndProject
Project("{FAE04EC0-301F-11D3-BF4B-00C04F79EFBC}") = "Aiwins.Rocket.MemoryDb", "src\Aiwins.Rocket.MemoryDb\Aiwins.Rocket.MemoryDb.csproj", "{FD4308E9-76F4-48C6-8D15-81D84ADFAF32}"
EndProject
Project("{FAE04EC0-301F-11D3-BF4B-00C04F79EFBC}") = "Aiwins.Rocket.IdentityModel", "src\Aiwins.Rocket.IdentityModel\Aiwins.Rocket.IdentityModel.csproj", "{05834F03-845E-4F68-BEFE-0A871CFF9DC4}"
EndProject
Project("{FAE04EC0-301F-11D3-BF4B-00C04F79EFBC}") = "Aiwins.Rocket.Http.Abstractions", "src\Aiwins.Rocket.Http.Abstractions\Aiwins.Rocket.Http.Abstractions.csproj", "{7CFF8A13-DBFA-467D-851E-8274E32C483F}"
EndProject
Project("{FAE04EC0-301F-11D3-BF4B-00C04F79EFBC}") = "Aiwins.Rocket.Http", "src\Aiwins.Rocket.Http\Aiwins.Rocket.Http.csproj", "{A92D8F50-B8F3-43FA-9610-1A6F3A629A34}"
EndProject
Project("{FAE04EC0-301F-11D3-BF4B-00C04F79EFBC}") = "Aiwins.Rocket.Http.Client", "src\Aiwins.Rocket.Http.Client\Aiwins.Rocket.Http.Client.csproj", "{84BC3334-0BD1-4CB8-AC3E-A62C36CDFE68}"
EndProject
Project("{FAE04EC0-301F-11D3-BF4B-00C04F79EFBC}") = "Aiwins.Rocket.Http.Client.IdentityModel", "src\Aiwins.Rocket.Http.Client.IdentityModel\Aiwins.Rocket.Http.Client.IdentityModel.csproj", "{D775AAC5-30F0-492C-AE70-4A4820F93C12}"
EndProject
Project("{FAE04EC0-301F-11D3-BF4B-00C04F79EFBC}") = "Aiwins.Rocket.Http.Client.IdentityModel.Web", "src\Aiwins.Rocket.Http.Client.IdentityModel.Web\Aiwins.Rocket.Http.Client.IdentityModel.Web.csproj", "{2982CAF0-E4F3-4236-9E40-771341C7E67F}"
EndProject
Project("{FAE04EC0-301F-11D3-BF4B-00C04F79EFBC}") = "Aiwins.Rocket.Redis", "src\Aiwins.Rocket.Redis\Aiwins.Rocket.Redis.csproj", "{BEE75986-BA96-42BE-A277-0ABA2AFA1B11}"
EndProject
Global
	GlobalSection(SolutionConfigurationPlatforms) = preSolution
		Debug|Any CPU = Debug|Any CPU
		Debug|x64 = Debug|x64
		Debug|x86 = Debug|x86
		Release|Any CPU = Release|Any CPU
		Release|x64 = Release|x64
		Release|x86 = Release|x86
	EndGlobalSection
	GlobalSection(SolutionProperties) = preSolution
		HideSolutionNode = FALSE
	EndGlobalSection
	GlobalSection(ProjectConfigurationPlatforms) = postSolution
		{892838FF-CF5E-4C85-898B-088541013DAF}.Debug|Any CPU.ActiveCfg = Debug|Any CPU
		{892838FF-CF5E-4C85-898B-088541013DAF}.Debug|Any CPU.Build.0 = Debug|Any CPU
		{892838FF-CF5E-4C85-898B-088541013DAF}.Debug|x64.ActiveCfg = Debug|Any CPU
		{892838FF-CF5E-4C85-898B-088541013DAF}.Debug|x64.Build.0 = Debug|Any CPU
		{892838FF-CF5E-4C85-898B-088541013DAF}.Debug|x86.ActiveCfg = Debug|Any CPU
		{892838FF-CF5E-4C85-898B-088541013DAF}.Debug|x86.Build.0 = Debug|Any CPU
		{892838FF-CF5E-4C85-898B-088541013DAF}.Release|Any CPU.ActiveCfg = Release|Any CPU
		{892838FF-CF5E-4C85-898B-088541013DAF}.Release|Any CPU.Build.0 = Release|Any CPU
		{892838FF-CF5E-4C85-898B-088541013DAF}.Release|x64.ActiveCfg = Release|Any CPU
		{892838FF-CF5E-4C85-898B-088541013DAF}.Release|x64.Build.0 = Release|Any CPU
		{892838FF-CF5E-4C85-898B-088541013DAF}.Release|x86.ActiveCfg = Release|Any CPU
		{892838FF-CF5E-4C85-898B-088541013DAF}.Release|x86.Build.0 = Release|Any CPU
		{4B88BFAD-1C6A-420F-81B5-A599BD2BF463}.Debug|Any CPU.ActiveCfg = Debug|Any CPU
		{4B88BFAD-1C6A-420F-81B5-A599BD2BF463}.Debug|Any CPU.Build.0 = Debug|Any CPU
		{4B88BFAD-1C6A-420F-81B5-A599BD2BF463}.Debug|x64.ActiveCfg = Debug|Any CPU
		{4B88BFAD-1C6A-420F-81B5-A599BD2BF463}.Debug|x64.Build.0 = Debug|Any CPU
		{4B88BFAD-1C6A-420F-81B5-A599BD2BF463}.Debug|x86.ActiveCfg = Debug|Any CPU
		{4B88BFAD-1C6A-420F-81B5-A599BD2BF463}.Debug|x86.Build.0 = Debug|Any CPU
		{4B88BFAD-1C6A-420F-81B5-A599BD2BF463}.Release|Any CPU.ActiveCfg = Release|Any CPU
		{4B88BFAD-1C6A-420F-81B5-A599BD2BF463}.Release|Any CPU.Build.0 = Release|Any CPU
		{4B88BFAD-1C6A-420F-81B5-A599BD2BF463}.Release|x64.ActiveCfg = Release|Any CPU
		{4B88BFAD-1C6A-420F-81B5-A599BD2BF463}.Release|x64.Build.0 = Release|Any CPU
		{4B88BFAD-1C6A-420F-81B5-A599BD2BF463}.Release|x86.ActiveCfg = Release|Any CPU
		{4B88BFAD-1C6A-420F-81B5-A599BD2BF463}.Release|x86.Build.0 = Release|Any CPU
		{94666015-7DAE-412C-865D-C5DFFEDB4BF3}.Debug|Any CPU.ActiveCfg = Debug|Any CPU
		{94666015-7DAE-412C-865D-C5DFFEDB4BF3}.Debug|Any CPU.Build.0 = Debug|Any CPU
		{94666015-7DAE-412C-865D-C5DFFEDB4BF3}.Debug|x64.ActiveCfg = Debug|Any CPU
		{94666015-7DAE-412C-865D-C5DFFEDB4BF3}.Debug|x64.Build.0 = Debug|Any CPU
		{94666015-7DAE-412C-865D-C5DFFEDB4BF3}.Debug|x86.ActiveCfg = Debug|Any CPU
		{94666015-7DAE-412C-865D-C5DFFEDB4BF3}.Debug|x86.Build.0 = Debug|Any CPU
		{94666015-7DAE-412C-865D-C5DFFEDB4BF3}.Release|Any CPU.ActiveCfg = Release|Any CPU
		{94666015-7DAE-412C-865D-C5DFFEDB4BF3}.Release|Any CPU.Build.0 = Release|Any CPU
		{94666015-7DAE-412C-865D-C5DFFEDB4BF3}.Release|x64.ActiveCfg = Release|Any CPU
		{94666015-7DAE-412C-865D-C5DFFEDB4BF3}.Release|x64.Build.0 = Release|Any CPU
		{94666015-7DAE-412C-865D-C5DFFEDB4BF3}.Release|x86.ActiveCfg = Release|Any CPU
		{94666015-7DAE-412C-865D-C5DFFEDB4BF3}.Release|x86.Build.0 = Release|Any CPU
		{1369AC00-F3BB-48E2-8700-566C5FCB4D53}.Debug|Any CPU.ActiveCfg = Debug|Any CPU
		{1369AC00-F3BB-48E2-8700-566C5FCB4D53}.Debug|Any CPU.Build.0 = Debug|Any CPU
		{1369AC00-F3BB-48E2-8700-566C5FCB4D53}.Debug|x64.ActiveCfg = Debug|Any CPU
		{1369AC00-F3BB-48E2-8700-566C5FCB4D53}.Debug|x64.Build.0 = Debug|Any CPU
		{1369AC00-F3BB-48E2-8700-566C5FCB4D53}.Debug|x86.ActiveCfg = Debug|Any CPU
		{1369AC00-F3BB-48E2-8700-566C5FCB4D53}.Debug|x86.Build.0 = Debug|Any CPU
		{1369AC00-F3BB-48E2-8700-566C5FCB4D53}.Release|Any CPU.ActiveCfg = Release|Any CPU
		{1369AC00-F3BB-48E2-8700-566C5FCB4D53}.Release|Any CPU.Build.0 = Release|Any CPU
		{1369AC00-F3BB-48E2-8700-566C5FCB4D53}.Release|x64.ActiveCfg = Release|Any CPU
		{1369AC00-F3BB-48E2-8700-566C5FCB4D53}.Release|x64.Build.0 = Release|Any CPU
		{1369AC00-F3BB-48E2-8700-566C5FCB4D53}.Release|x86.ActiveCfg = Release|Any CPU
		{1369AC00-F3BB-48E2-8700-566C5FCB4D53}.Release|x86.Build.0 = Release|Any CPU
		{5145E3CC-4316-4247-AD45-BE993B662A8F}.Debug|Any CPU.ActiveCfg = Debug|Any CPU
		{5145E3CC-4316-4247-AD45-BE993B662A8F}.Debug|Any CPU.Build.0 = Debug|Any CPU
		{5145E3CC-4316-4247-AD45-BE993B662A8F}.Debug|x64.ActiveCfg = Debug|Any CPU
		{5145E3CC-4316-4247-AD45-BE993B662A8F}.Debug|x64.Build.0 = Debug|Any CPU
		{5145E3CC-4316-4247-AD45-BE993B662A8F}.Debug|x86.ActiveCfg = Debug|Any CPU
		{5145E3CC-4316-4247-AD45-BE993B662A8F}.Debug|x86.Build.0 = Debug|Any CPU
		{5145E3CC-4316-4247-AD45-BE993B662A8F}.Release|Any CPU.ActiveCfg = Release|Any CPU
		{5145E3CC-4316-4247-AD45-BE993B662A8F}.Release|Any CPU.Build.0 = Release|Any CPU
		{5145E3CC-4316-4247-AD45-BE993B662A8F}.Release|x64.ActiveCfg = Release|Any CPU
		{5145E3CC-4316-4247-AD45-BE993B662A8F}.Release|x64.Build.0 = Release|Any CPU
		{5145E3CC-4316-4247-AD45-BE993B662A8F}.Release|x86.ActiveCfg = Release|Any CPU
		{5145E3CC-4316-4247-AD45-BE993B662A8F}.Release|x86.Build.0 = Release|Any CPU
		{E45A8435-8585-4045-A8DA-06DD30A1EFC3}.Debug|Any CPU.ActiveCfg = Debug|Any CPU
		{E45A8435-8585-4045-A8DA-06DD30A1EFC3}.Debug|Any CPU.Build.0 = Debug|Any CPU
		{E45A8435-8585-4045-A8DA-06DD30A1EFC3}.Debug|x64.ActiveCfg = Debug|Any CPU
		{E45A8435-8585-4045-A8DA-06DD30A1EFC3}.Debug|x64.Build.0 = Debug|Any CPU
		{E45A8435-8585-4045-A8DA-06DD30A1EFC3}.Debug|x86.ActiveCfg = Debug|Any CPU
		{E45A8435-8585-4045-A8DA-06DD30A1EFC3}.Debug|x86.Build.0 = Debug|Any CPU
		{E45A8435-8585-4045-A8DA-06DD30A1EFC3}.Release|Any CPU.ActiveCfg = Release|Any CPU
		{E45A8435-8585-4045-A8DA-06DD30A1EFC3}.Release|Any CPU.Build.0 = Release|Any CPU
		{E45A8435-8585-4045-A8DA-06DD30A1EFC3}.Release|x64.ActiveCfg = Release|Any CPU
		{E45A8435-8585-4045-A8DA-06DD30A1EFC3}.Release|x64.Build.0 = Release|Any CPU
		{E45A8435-8585-4045-A8DA-06DD30A1EFC3}.Release|x86.ActiveCfg = Release|Any CPU
		{E45A8435-8585-4045-A8DA-06DD30A1EFC3}.Release|x86.Build.0 = Release|Any CPU
		{14D3DAEC-8BC3-4EA4-AE95-4A617A738482}.Debug|Any CPU.ActiveCfg = Debug|Any CPU
		{14D3DAEC-8BC3-4EA4-AE95-4A617A738482}.Debug|Any CPU.Build.0 = Debug|Any CPU
		{14D3DAEC-8BC3-4EA4-AE95-4A617A738482}.Debug|x64.ActiveCfg = Debug|Any CPU
		{14D3DAEC-8BC3-4EA4-AE95-4A617A738482}.Debug|x64.Build.0 = Debug|Any CPU
		{14D3DAEC-8BC3-4EA4-AE95-4A617A738482}.Debug|x86.ActiveCfg = Debug|Any CPU
		{14D3DAEC-8BC3-4EA4-AE95-4A617A738482}.Debug|x86.Build.0 = Debug|Any CPU
		{14D3DAEC-8BC3-4EA4-AE95-4A617A738482}.Release|Any CPU.ActiveCfg = Release|Any CPU
		{14D3DAEC-8BC3-4EA4-AE95-4A617A738482}.Release|Any CPU.Build.0 = Release|Any CPU
		{14D3DAEC-8BC3-4EA4-AE95-4A617A738482}.Release|x64.ActiveCfg = Release|Any CPU
		{14D3DAEC-8BC3-4EA4-AE95-4A617A738482}.Release|x64.Build.0 = Release|Any CPU
		{14D3DAEC-8BC3-4EA4-AE95-4A617A738482}.Release|x86.ActiveCfg = Release|Any CPU
		{14D3DAEC-8BC3-4EA4-AE95-4A617A738482}.Release|x86.Build.0 = Release|Any CPU
		{9A60BB65-81D3-4AF4-94AB-4CC8C4EEA2B5}.Debug|Any CPU.ActiveCfg = Debug|Any CPU
		{9A60BB65-81D3-4AF4-94AB-4CC8C4EEA2B5}.Debug|Any CPU.Build.0 = Debug|Any CPU
		{9A60BB65-81D3-4AF4-94AB-4CC8C4EEA2B5}.Debug|x64.ActiveCfg = Debug|Any CPU
		{9A60BB65-81D3-4AF4-94AB-4CC8C4EEA2B5}.Debug|x64.Build.0 = Debug|Any CPU
		{9A60BB65-81D3-4AF4-94AB-4CC8C4EEA2B5}.Debug|x86.ActiveCfg = Debug|Any CPU
		{9A60BB65-81D3-4AF4-94AB-4CC8C4EEA2B5}.Debug|x86.Build.0 = Debug|Any CPU
		{9A60BB65-81D3-4AF4-94AB-4CC8C4EEA2B5}.Release|Any CPU.ActiveCfg = Release|Any CPU
		{9A60BB65-81D3-4AF4-94AB-4CC8C4EEA2B5}.Release|Any CPU.Build.0 = Release|Any CPU
		{9A60BB65-81D3-4AF4-94AB-4CC8C4EEA2B5}.Release|x64.ActiveCfg = Release|Any CPU
		{9A60BB65-81D3-4AF4-94AB-4CC8C4EEA2B5}.Release|x64.Build.0 = Release|Any CPU
		{9A60BB65-81D3-4AF4-94AB-4CC8C4EEA2B5}.Release|x86.ActiveCfg = Release|Any CPU
		{9A60BB65-81D3-4AF4-94AB-4CC8C4EEA2B5}.Release|x86.Build.0 = Release|Any CPU
		{91F4EDFE-C07A-4C5E-86AD-A591F72FE3F1}.Debug|Any CPU.ActiveCfg = Debug|Any CPU
		{91F4EDFE-C07A-4C5E-86AD-A591F72FE3F1}.Debug|Any CPU.Build.0 = Debug|Any CPU
		{91F4EDFE-C07A-4C5E-86AD-A591F72FE3F1}.Debug|x64.ActiveCfg = Debug|Any CPU
		{91F4EDFE-C07A-4C5E-86AD-A591F72FE3F1}.Debug|x64.Build.0 = Debug|Any CPU
		{91F4EDFE-C07A-4C5E-86AD-A591F72FE3F1}.Debug|x86.ActiveCfg = Debug|Any CPU
		{91F4EDFE-C07A-4C5E-86AD-A591F72FE3F1}.Debug|x86.Build.0 = Debug|Any CPU
		{91F4EDFE-C07A-4C5E-86AD-A591F72FE3F1}.Release|Any CPU.ActiveCfg = Release|Any CPU
		{91F4EDFE-C07A-4C5E-86AD-A591F72FE3F1}.Release|Any CPU.Build.0 = Release|Any CPU
		{91F4EDFE-C07A-4C5E-86AD-A591F72FE3F1}.Release|x64.ActiveCfg = Release|Any CPU
		{91F4EDFE-C07A-4C5E-86AD-A591F72FE3F1}.Release|x64.Build.0 = Release|Any CPU
		{91F4EDFE-C07A-4C5E-86AD-A591F72FE3F1}.Release|x86.ActiveCfg = Release|Any CPU
		{91F4EDFE-C07A-4C5E-86AD-A591F72FE3F1}.Release|x86.Build.0 = Release|Any CPU
		{47168E73-282F-4837-AA29-D0CC00008461}.Debug|Any CPU.ActiveCfg = Debug|Any CPU
		{47168E73-282F-4837-AA29-D0CC00008461}.Debug|Any CPU.Build.0 = Debug|Any CPU
		{47168E73-282F-4837-AA29-D0CC00008461}.Debug|x64.ActiveCfg = Debug|Any CPU
		{47168E73-282F-4837-AA29-D0CC00008461}.Debug|x64.Build.0 = Debug|Any CPU
		{47168E73-282F-4837-AA29-D0CC00008461}.Debug|x86.ActiveCfg = Debug|Any CPU
		{47168E73-282F-4837-AA29-D0CC00008461}.Debug|x86.Build.0 = Debug|Any CPU
		{47168E73-282F-4837-AA29-D0CC00008461}.Release|Any CPU.ActiveCfg = Release|Any CPU
		{47168E73-282F-4837-AA29-D0CC00008461}.Release|Any CPU.Build.0 = Release|Any CPU
		{47168E73-282F-4837-AA29-D0CC00008461}.Release|x64.ActiveCfg = Release|Any CPU
		{47168E73-282F-4837-AA29-D0CC00008461}.Release|x64.Build.0 = Release|Any CPU
		{47168E73-282F-4837-AA29-D0CC00008461}.Release|x86.ActiveCfg = Release|Any CPU
		{47168E73-282F-4837-AA29-D0CC00008461}.Release|x86.Build.0 = Release|Any CPU
		{522D5082-ECF8-4DBA-8FB8-2DDF0B1FEEF8}.Debug|Any CPU.ActiveCfg = Debug|Any CPU
		{522D5082-ECF8-4DBA-8FB8-2DDF0B1FEEF8}.Debug|Any CPU.Build.0 = Debug|Any CPU
		{522D5082-ECF8-4DBA-8FB8-2DDF0B1FEEF8}.Debug|x64.ActiveCfg = Debug|Any CPU
		{522D5082-ECF8-4DBA-8FB8-2DDF0B1FEEF8}.Debug|x64.Build.0 = Debug|Any CPU
		{522D5082-ECF8-4DBA-8FB8-2DDF0B1FEEF8}.Debug|x86.ActiveCfg = Debug|Any CPU
		{522D5082-ECF8-4DBA-8FB8-2DDF0B1FEEF8}.Debug|x86.Build.0 = Debug|Any CPU
		{522D5082-ECF8-4DBA-8FB8-2DDF0B1FEEF8}.Release|Any CPU.ActiveCfg = Release|Any CPU
		{522D5082-ECF8-4DBA-8FB8-2DDF0B1FEEF8}.Release|Any CPU.Build.0 = Release|Any CPU
		{522D5082-ECF8-4DBA-8FB8-2DDF0B1FEEF8}.Release|x64.ActiveCfg = Release|Any CPU
		{522D5082-ECF8-4DBA-8FB8-2DDF0B1FEEF8}.Release|x64.Build.0 = Release|Any CPU
		{522D5082-ECF8-4DBA-8FB8-2DDF0B1FEEF8}.Release|x86.ActiveCfg = Release|Any CPU
		{522D5082-ECF8-4DBA-8FB8-2DDF0B1FEEF8}.Release|x86.Build.0 = Release|Any CPU
		{A8575FDC-49C7-4FF3-A85B-6A5C21E9E300}.Debug|Any CPU.ActiveCfg = Debug|Any CPU
		{A8575FDC-49C7-4FF3-A85B-6A5C21E9E300}.Debug|Any CPU.Build.0 = Debug|Any CPU
		{A8575FDC-49C7-4FF3-A85B-6A5C21E9E300}.Debug|x64.ActiveCfg = Debug|Any CPU
		{A8575FDC-49C7-4FF3-A85B-6A5C21E9E300}.Debug|x64.Build.0 = Debug|Any CPU
		{A8575FDC-49C7-4FF3-A85B-6A5C21E9E300}.Debug|x86.ActiveCfg = Debug|Any CPU
		{A8575FDC-49C7-4FF3-A85B-6A5C21E9E300}.Debug|x86.Build.0 = Debug|Any CPU
		{A8575FDC-49C7-4FF3-A85B-6A5C21E9E300}.Release|Any CPU.ActiveCfg = Release|Any CPU
		{A8575FDC-49C7-4FF3-A85B-6A5C21E9E300}.Release|Any CPU.Build.0 = Release|Any CPU
		{A8575FDC-49C7-4FF3-A85B-6A5C21E9E300}.Release|x64.ActiveCfg = Release|Any CPU
		{A8575FDC-49C7-4FF3-A85B-6A5C21E9E300}.Release|x64.Build.0 = Release|Any CPU
		{A8575FDC-49C7-4FF3-A85B-6A5C21E9E300}.Release|x86.ActiveCfg = Release|Any CPU
		{A8575FDC-49C7-4FF3-A85B-6A5C21E9E300}.Release|x86.Build.0 = Release|Any CPU
		{8B9E92F1-615C-4024-ADBD-1715C0994ACC}.Debug|Any CPU.ActiveCfg = Debug|Any CPU
		{8B9E92F1-615C-4024-ADBD-1715C0994ACC}.Debug|Any CPU.Build.0 = Debug|Any CPU
		{8B9E92F1-615C-4024-ADBD-1715C0994ACC}.Debug|x64.ActiveCfg = Debug|Any CPU
		{8B9E92F1-615C-4024-ADBD-1715C0994ACC}.Debug|x64.Build.0 = Debug|Any CPU
		{8B9E92F1-615C-4024-ADBD-1715C0994ACC}.Debug|x86.ActiveCfg = Debug|Any CPU
		{8B9E92F1-615C-4024-ADBD-1715C0994ACC}.Debug|x86.Build.0 = Debug|Any CPU
		{8B9E92F1-615C-4024-ADBD-1715C0994ACC}.Release|Any CPU.ActiveCfg = Release|Any CPU
		{8B9E92F1-615C-4024-ADBD-1715C0994ACC}.Release|Any CPU.Build.0 = Release|Any CPU
		{8B9E92F1-615C-4024-ADBD-1715C0994ACC}.Release|x64.ActiveCfg = Release|Any CPU
		{8B9E92F1-615C-4024-ADBD-1715C0994ACC}.Release|x64.Build.0 = Release|Any CPU
		{8B9E92F1-615C-4024-ADBD-1715C0994ACC}.Release|x86.ActiveCfg = Release|Any CPU
		{8B9E92F1-615C-4024-ADBD-1715C0994ACC}.Release|x86.Build.0 = Release|Any CPU
		{51FE95B4-55C5-4BE6-AE63-6C525B7FE4AB}.Debug|Any CPU.ActiveCfg = Debug|Any CPU
		{51FE95B4-55C5-4BE6-AE63-6C525B7FE4AB}.Debug|Any CPU.Build.0 = Debug|Any CPU
		{51FE95B4-55C5-4BE6-AE63-6C525B7FE4AB}.Debug|x64.ActiveCfg = Debug|Any CPU
		{51FE95B4-55C5-4BE6-AE63-6C525B7FE4AB}.Debug|x64.Build.0 = Debug|Any CPU
		{51FE95B4-55C5-4BE6-AE63-6C525B7FE4AB}.Debug|x86.ActiveCfg = Debug|Any CPU
		{51FE95B4-55C5-4BE6-AE63-6C525B7FE4AB}.Debug|x86.Build.0 = Debug|Any CPU
		{51FE95B4-55C5-4BE6-AE63-6C525B7FE4AB}.Release|Any CPU.ActiveCfg = Release|Any CPU
		{51FE95B4-55C5-4BE6-AE63-6C525B7FE4AB}.Release|Any CPU.Build.0 = Release|Any CPU
		{51FE95B4-55C5-4BE6-AE63-6C525B7FE4AB}.Release|x64.ActiveCfg = Release|Any CPU
		{51FE95B4-55C5-4BE6-AE63-6C525B7FE4AB}.Release|x64.Build.0 = Release|Any CPU
		{51FE95B4-55C5-4BE6-AE63-6C525B7FE4AB}.Release|x86.ActiveCfg = Release|Any CPU
		{51FE95B4-55C5-4BE6-AE63-6C525B7FE4AB}.Release|x86.Build.0 = Release|Any CPU
		{FEBCBFE6-29C1-43B7-9835-EE2444D5CC8C}.Debug|Any CPU.ActiveCfg = Debug|Any CPU
		{FEBCBFE6-29C1-43B7-9835-EE2444D5CC8C}.Debug|Any CPU.Build.0 = Debug|Any CPU
		{FEBCBFE6-29C1-43B7-9835-EE2444D5CC8C}.Debug|x64.ActiveCfg = Debug|Any CPU
		{FEBCBFE6-29C1-43B7-9835-EE2444D5CC8C}.Debug|x64.Build.0 = Debug|Any CPU
		{FEBCBFE6-29C1-43B7-9835-EE2444D5CC8C}.Debug|x86.ActiveCfg = Debug|Any CPU
		{FEBCBFE6-29C1-43B7-9835-EE2444D5CC8C}.Debug|x86.Build.0 = Debug|Any CPU
		{FEBCBFE6-29C1-43B7-9835-EE2444D5CC8C}.Release|Any CPU.ActiveCfg = Release|Any CPU
		{FEBCBFE6-29C1-43B7-9835-EE2444D5CC8C}.Release|Any CPU.Build.0 = Release|Any CPU
		{FEBCBFE6-29C1-43B7-9835-EE2444D5CC8C}.Release|x64.ActiveCfg = Release|Any CPU
		{FEBCBFE6-29C1-43B7-9835-EE2444D5CC8C}.Release|x64.Build.0 = Release|Any CPU
		{FEBCBFE6-29C1-43B7-9835-EE2444D5CC8C}.Release|x86.ActiveCfg = Release|Any CPU
		{FEBCBFE6-29C1-43B7-9835-EE2444D5CC8C}.Release|x86.Build.0 = Release|Any CPU
		{B5578BB4-C55D-465B-B8ED-1C143B113124}.Debug|Any CPU.ActiveCfg = Debug|Any CPU
		{B5578BB4-C55D-465B-B8ED-1C143B113124}.Debug|Any CPU.Build.0 = Debug|Any CPU
		{B5578BB4-C55D-465B-B8ED-1C143B113124}.Debug|x64.ActiveCfg = Debug|Any CPU
		{B5578BB4-C55D-465B-B8ED-1C143B113124}.Debug|x64.Build.0 = Debug|Any CPU
		{B5578BB4-C55D-465B-B8ED-1C143B113124}.Debug|x86.ActiveCfg = Debug|Any CPU
		{B5578BB4-C55D-465B-B8ED-1C143B113124}.Debug|x86.Build.0 = Debug|Any CPU
		{B5578BB4-C55D-465B-B8ED-1C143B113124}.Release|Any CPU.ActiveCfg = Release|Any CPU
		{B5578BB4-C55D-465B-B8ED-1C143B113124}.Release|Any CPU.Build.0 = Release|Any CPU
		{B5578BB4-C55D-465B-B8ED-1C143B113124}.Release|x64.ActiveCfg = Release|Any CPU
		{B5578BB4-C55D-465B-B8ED-1C143B113124}.Release|x64.Build.0 = Release|Any CPU
		{B5578BB4-C55D-465B-B8ED-1C143B113124}.Release|x86.ActiveCfg = Release|Any CPU
		{B5578BB4-C55D-465B-B8ED-1C143B113124}.Release|x86.Build.0 = Release|Any CPU
		{FE49DFB3-EF73-43F1-8AA7-8398129F24F7}.Debug|Any CPU.ActiveCfg = Debug|Any CPU
		{FE49DFB3-EF73-43F1-8AA7-8398129F24F7}.Debug|Any CPU.Build.0 = Debug|Any CPU
		{FE49DFB3-EF73-43F1-8AA7-8398129F24F7}.Debug|x64.ActiveCfg = Debug|Any CPU
		{FE49DFB3-EF73-43F1-8AA7-8398129F24F7}.Debug|x64.Build.0 = Debug|Any CPU
		{FE49DFB3-EF73-43F1-8AA7-8398129F24F7}.Debug|x86.ActiveCfg = Debug|Any CPU
		{FE49DFB3-EF73-43F1-8AA7-8398129F24F7}.Debug|x86.Build.0 = Debug|Any CPU
		{FE49DFB3-EF73-43F1-8AA7-8398129F24F7}.Release|Any CPU.ActiveCfg = Release|Any CPU
		{FE49DFB3-EF73-43F1-8AA7-8398129F24F7}.Release|Any CPU.Build.0 = Release|Any CPU
		{FE49DFB3-EF73-43F1-8AA7-8398129F24F7}.Release|x64.ActiveCfg = Release|Any CPU
		{FE49DFB3-EF73-43F1-8AA7-8398129F24F7}.Release|x64.Build.0 = Release|Any CPU
		{FE49DFB3-EF73-43F1-8AA7-8398129F24F7}.Release|x86.ActiveCfg = Release|Any CPU
		{FE49DFB3-EF73-43F1-8AA7-8398129F24F7}.Release|x86.Build.0 = Release|Any CPU
		{F8A645A8-2C6C-4601-9C7E-6B0C6B99D132}.Debug|Any CPU.ActiveCfg = Debug|Any CPU
		{F8A645A8-2C6C-4601-9C7E-6B0C6B99D132}.Debug|Any CPU.Build.0 = Debug|Any CPU
		{F8A645A8-2C6C-4601-9C7E-6B0C6B99D132}.Debug|x64.ActiveCfg = Debug|Any CPU
		{F8A645A8-2C6C-4601-9C7E-6B0C6B99D132}.Debug|x64.Build.0 = Debug|Any CPU
		{F8A645A8-2C6C-4601-9C7E-6B0C6B99D132}.Debug|x86.ActiveCfg = Debug|Any CPU
		{F8A645A8-2C6C-4601-9C7E-6B0C6B99D132}.Debug|x86.Build.0 = Debug|Any CPU
		{F8A645A8-2C6C-4601-9C7E-6B0C6B99D132}.Release|Any CPU.ActiveCfg = Release|Any CPU
		{F8A645A8-2C6C-4601-9C7E-6B0C6B99D132}.Release|Any CPU.Build.0 = Release|Any CPU
		{F8A645A8-2C6C-4601-9C7E-6B0C6B99D132}.Release|x64.ActiveCfg = Release|Any CPU
		{F8A645A8-2C6C-4601-9C7E-6B0C6B99D132}.Release|x64.Build.0 = Release|Any CPU
		{F8A645A8-2C6C-4601-9C7E-6B0C6B99D132}.Release|x86.ActiveCfg = Release|Any CPU
		{F8A645A8-2C6C-4601-9C7E-6B0C6B99D132}.Release|x86.Build.0 = Release|Any CPU
		{D955D7CA-E02D-4B99-99C4-4C95552D5B37}.Debug|Any CPU.ActiveCfg = Debug|Any CPU
		{D955D7CA-E02D-4B99-99C4-4C95552D5B37}.Debug|Any CPU.Build.0 = Debug|Any CPU
		{D955D7CA-E02D-4B99-99C4-4C95552D5B37}.Debug|x64.ActiveCfg = Debug|Any CPU
		{D955D7CA-E02D-4B99-99C4-4C95552D5B37}.Debug|x64.Build.0 = Debug|Any CPU
		{D955D7CA-E02D-4B99-99C4-4C95552D5B37}.Debug|x86.ActiveCfg = Debug|Any CPU
		{D955D7CA-E02D-4B99-99C4-4C95552D5B37}.Debug|x86.Build.0 = Debug|Any CPU
		{D955D7CA-E02D-4B99-99C4-4C95552D5B37}.Release|Any CPU.ActiveCfg = Release|Any CPU
		{D955D7CA-E02D-4B99-99C4-4C95552D5B37}.Release|Any CPU.Build.0 = Release|Any CPU
		{D955D7CA-E02D-4B99-99C4-4C95552D5B37}.Release|x64.ActiveCfg = Release|Any CPU
		{D955D7CA-E02D-4B99-99C4-4C95552D5B37}.Release|x64.Build.0 = Release|Any CPU
		{D955D7CA-E02D-4B99-99C4-4C95552D5B37}.Release|x86.ActiveCfg = Release|Any CPU
		{D955D7CA-E02D-4B99-99C4-4C95552D5B37}.Release|x86.Build.0 = Release|Any CPU
		{0B2F2696-CA50-4F6A-A48F-E958EB909E59}.Debug|Any CPU.ActiveCfg = Debug|Any CPU
		{0B2F2696-CA50-4F6A-A48F-E958EB909E59}.Debug|Any CPU.Build.0 = Debug|Any CPU
		{0B2F2696-CA50-4F6A-A48F-E958EB909E59}.Debug|x64.ActiveCfg = Debug|Any CPU
		{0B2F2696-CA50-4F6A-A48F-E958EB909E59}.Debug|x64.Build.0 = Debug|Any CPU
		{0B2F2696-CA50-4F6A-A48F-E958EB909E59}.Debug|x86.ActiveCfg = Debug|Any CPU
		{0B2F2696-CA50-4F6A-A48F-E958EB909E59}.Debug|x86.Build.0 = Debug|Any CPU
		{0B2F2696-CA50-4F6A-A48F-E958EB909E59}.Release|Any CPU.ActiveCfg = Release|Any CPU
		{0B2F2696-CA50-4F6A-A48F-E958EB909E59}.Release|Any CPU.Build.0 = Release|Any CPU
		{0B2F2696-CA50-4F6A-A48F-E958EB909E59}.Release|x64.ActiveCfg = Release|Any CPU
		{0B2F2696-CA50-4F6A-A48F-E958EB909E59}.Release|x64.Build.0 = Release|Any CPU
		{0B2F2696-CA50-4F6A-A48F-E958EB909E59}.Release|x86.ActiveCfg = Release|Any CPU
		{0B2F2696-CA50-4F6A-A48F-E958EB909E59}.Release|x86.Build.0 = Release|Any CPU
		{A7F60E82-E972-4A0C-8A03-3532F0229FB5}.Debug|Any CPU.ActiveCfg = Debug|Any CPU
		{A7F60E82-E972-4A0C-8A03-3532F0229FB5}.Debug|Any CPU.Build.0 = Debug|Any CPU
		{A7F60E82-E972-4A0C-8A03-3532F0229FB5}.Debug|x64.ActiveCfg = Debug|Any CPU
		{A7F60E82-E972-4A0C-8A03-3532F0229FB5}.Debug|x64.Build.0 = Debug|Any CPU
		{A7F60E82-E972-4A0C-8A03-3532F0229FB5}.Debug|x86.ActiveCfg = Debug|Any CPU
		{A7F60E82-E972-4A0C-8A03-3532F0229FB5}.Debug|x86.Build.0 = Debug|Any CPU
		{A7F60E82-E972-4A0C-8A03-3532F0229FB5}.Release|Any CPU.ActiveCfg = Release|Any CPU
		{A7F60E82-E972-4A0C-8A03-3532F0229FB5}.Release|Any CPU.Build.0 = Release|Any CPU
		{A7F60E82-E972-4A0C-8A03-3532F0229FB5}.Release|x64.ActiveCfg = Release|Any CPU
		{A7F60E82-E972-4A0C-8A03-3532F0229FB5}.Release|x64.Build.0 = Release|Any CPU
		{A7F60E82-E972-4A0C-8A03-3532F0229FB5}.Release|x86.ActiveCfg = Release|Any CPU
		{A7F60E82-E972-4A0C-8A03-3532F0229FB5}.Release|x86.Build.0 = Release|Any CPU
		{FDF6F245-7DFC-4137-9D96-E7267AD061C0}.Debug|Any CPU.ActiveCfg = Debug|Any CPU
		{FDF6F245-7DFC-4137-9D96-E7267AD061C0}.Debug|Any CPU.Build.0 = Debug|Any CPU
		{FDF6F245-7DFC-4137-9D96-E7267AD061C0}.Debug|x64.ActiveCfg = Debug|Any CPU
		{FDF6F245-7DFC-4137-9D96-E7267AD061C0}.Debug|x64.Build.0 = Debug|Any CPU
		{FDF6F245-7DFC-4137-9D96-E7267AD061C0}.Debug|x86.ActiveCfg = Debug|Any CPU
		{FDF6F245-7DFC-4137-9D96-E7267AD061C0}.Debug|x86.Build.0 = Debug|Any CPU
		{FDF6F245-7DFC-4137-9D96-E7267AD061C0}.Release|Any CPU.ActiveCfg = Release|Any CPU
		{FDF6F245-7DFC-4137-9D96-E7267AD061C0}.Release|Any CPU.Build.0 = Release|Any CPU
		{FDF6F245-7DFC-4137-9D96-E7267AD061C0}.Release|x64.ActiveCfg = Release|Any CPU
		{FDF6F245-7DFC-4137-9D96-E7267AD061C0}.Release|x64.Build.0 = Release|Any CPU
		{FDF6F245-7DFC-4137-9D96-E7267AD061C0}.Release|x86.ActiveCfg = Release|Any CPU
		{FDF6F245-7DFC-4137-9D96-E7267AD061C0}.Release|x86.Build.0 = Release|Any CPU
		{3EE986E2-E9F6-4391-B9CB-B4A14EE69A26}.Debug|Any CPU.ActiveCfg = Debug|Any CPU
		{3EE986E2-E9F6-4391-B9CB-B4A14EE69A26}.Debug|Any CPU.Build.0 = Debug|Any CPU
		{3EE986E2-E9F6-4391-B9CB-B4A14EE69A26}.Debug|x64.ActiveCfg = Debug|Any CPU
		{3EE986E2-E9F6-4391-B9CB-B4A14EE69A26}.Debug|x64.Build.0 = Debug|Any CPU
		{3EE986E2-E9F6-4391-B9CB-B4A14EE69A26}.Debug|x86.ActiveCfg = Debug|Any CPU
		{3EE986E2-E9F6-4391-B9CB-B4A14EE69A26}.Debug|x86.Build.0 = Debug|Any CPU
		{3EE986E2-E9F6-4391-B9CB-B4A14EE69A26}.Release|Any CPU.ActiveCfg = Release|Any CPU
		{3EE986E2-E9F6-4391-B9CB-B4A14EE69A26}.Release|Any CPU.Build.0 = Release|Any CPU
		{3EE986E2-E9F6-4391-B9CB-B4A14EE69A26}.Release|x64.ActiveCfg = Release|Any CPU
		{3EE986E2-E9F6-4391-B9CB-B4A14EE69A26}.Release|x64.Build.0 = Release|Any CPU
		{3EE986E2-E9F6-4391-B9CB-B4A14EE69A26}.Release|x86.ActiveCfg = Release|Any CPU
		{3EE986E2-E9F6-4391-B9CB-B4A14EE69A26}.Release|x86.Build.0 = Release|Any CPU
		{783AFC15-F17F-4F08-80B8-5060F8FF1B06}.Debug|Any CPU.ActiveCfg = Debug|Any CPU
		{783AFC15-F17F-4F08-80B8-5060F8FF1B06}.Debug|Any CPU.Build.0 = Debug|Any CPU
		{783AFC15-F17F-4F08-80B8-5060F8FF1B06}.Debug|x64.ActiveCfg = Debug|Any CPU
		{783AFC15-F17F-4F08-80B8-5060F8FF1B06}.Debug|x64.Build.0 = Debug|Any CPU
		{783AFC15-F17F-4F08-80B8-5060F8FF1B06}.Debug|x86.ActiveCfg = Debug|Any CPU
		{783AFC15-F17F-4F08-80B8-5060F8FF1B06}.Debug|x86.Build.0 = Debug|Any CPU
		{783AFC15-F17F-4F08-80B8-5060F8FF1B06}.Release|Any CPU.ActiveCfg = Release|Any CPU
		{783AFC15-F17F-4F08-80B8-5060F8FF1B06}.Release|Any CPU.Build.0 = Release|Any CPU
		{783AFC15-F17F-4F08-80B8-5060F8FF1B06}.Release|x64.ActiveCfg = Release|Any CPU
		{783AFC15-F17F-4F08-80B8-5060F8FF1B06}.Release|x64.Build.0 = Release|Any CPU
		{783AFC15-F17F-4F08-80B8-5060F8FF1B06}.Release|x86.ActiveCfg = Release|Any CPU
		{783AFC15-F17F-4F08-80B8-5060F8FF1B06}.Release|x86.Build.0 = Release|Any CPU
		{E8BB9DD0-0313-4800-8A25-1A2226A0E0C6}.Debug|Any CPU.ActiveCfg = Debug|Any CPU
		{E8BB9DD0-0313-4800-8A25-1A2226A0E0C6}.Debug|Any CPU.Build.0 = Debug|Any CPU
		{E8BB9DD0-0313-4800-8A25-1A2226A0E0C6}.Debug|x64.ActiveCfg = Debug|Any CPU
		{E8BB9DD0-0313-4800-8A25-1A2226A0E0C6}.Debug|x64.Build.0 = Debug|Any CPU
		{E8BB9DD0-0313-4800-8A25-1A2226A0E0C6}.Debug|x86.ActiveCfg = Debug|Any CPU
		{E8BB9DD0-0313-4800-8A25-1A2226A0E0C6}.Debug|x86.Build.0 = Debug|Any CPU
		{E8BB9DD0-0313-4800-8A25-1A2226A0E0C6}.Release|Any CPU.ActiveCfg = Release|Any CPU
		{E8BB9DD0-0313-4800-8A25-1A2226A0E0C6}.Release|Any CPU.Build.0 = Release|Any CPU
		{E8BB9DD0-0313-4800-8A25-1A2226A0E0C6}.Release|x64.ActiveCfg = Release|Any CPU
		{E8BB9DD0-0313-4800-8A25-1A2226A0E0C6}.Release|x64.Build.0 = Release|Any CPU
		{E8BB9DD0-0313-4800-8A25-1A2226A0E0C6}.Release|x86.ActiveCfg = Release|Any CPU
		{E8BB9DD0-0313-4800-8A25-1A2226A0E0C6}.Release|x86.Build.0 = Release|Any CPU
		{2E7EBD8F-F0F9-4B10-8947-932F8AC1529D}.Debug|Any CPU.ActiveCfg = Debug|Any CPU
		{2E7EBD8F-F0F9-4B10-8947-932F8AC1529D}.Debug|Any CPU.Build.0 = Debug|Any CPU
		{2E7EBD8F-F0F9-4B10-8947-932F8AC1529D}.Debug|x64.ActiveCfg = Debug|Any CPU
		{2E7EBD8F-F0F9-4B10-8947-932F8AC1529D}.Debug|x64.Build.0 = Debug|Any CPU
		{2E7EBD8F-F0F9-4B10-8947-932F8AC1529D}.Debug|x86.ActiveCfg = Debug|Any CPU
		{2E7EBD8F-F0F9-4B10-8947-932F8AC1529D}.Debug|x86.Build.0 = Debug|Any CPU
		{2E7EBD8F-F0F9-4B10-8947-932F8AC1529D}.Release|Any CPU.ActiveCfg = Release|Any CPU
		{2E7EBD8F-F0F9-4B10-8947-932F8AC1529D}.Release|Any CPU.Build.0 = Release|Any CPU
		{2E7EBD8F-F0F9-4B10-8947-932F8AC1529D}.Release|x64.ActiveCfg = Release|Any CPU
		{2E7EBD8F-F0F9-4B10-8947-932F8AC1529D}.Release|x64.Build.0 = Release|Any CPU
		{2E7EBD8F-F0F9-4B10-8947-932F8AC1529D}.Release|x86.ActiveCfg = Release|Any CPU
		{2E7EBD8F-F0F9-4B10-8947-932F8AC1529D}.Release|x86.Build.0 = Release|Any CPU
		{38483BC6-B3BE-46D1-BDD6-BFBABB1FDAF5}.Debug|Any CPU.ActiveCfg = Debug|Any CPU
		{38483BC6-B3BE-46D1-BDD6-BFBABB1FDAF5}.Debug|Any CPU.Build.0 = Debug|Any CPU
		{38483BC6-B3BE-46D1-BDD6-BFBABB1FDAF5}.Debug|x64.ActiveCfg = Debug|Any CPU
		{38483BC6-B3BE-46D1-BDD6-BFBABB1FDAF5}.Debug|x64.Build.0 = Debug|Any CPU
		{38483BC6-B3BE-46D1-BDD6-BFBABB1FDAF5}.Debug|x86.ActiveCfg = Debug|Any CPU
		{38483BC6-B3BE-46D1-BDD6-BFBABB1FDAF5}.Debug|x86.Build.0 = Debug|Any CPU
		{38483BC6-B3BE-46D1-BDD6-BFBABB1FDAF5}.Release|Any CPU.ActiveCfg = Release|Any CPU
		{38483BC6-B3BE-46D1-BDD6-BFBABB1FDAF5}.Release|Any CPU.Build.0 = Release|Any CPU
		{38483BC6-B3BE-46D1-BDD6-BFBABB1FDAF5}.Release|x64.ActiveCfg = Release|Any CPU
		{38483BC6-B3BE-46D1-BDD6-BFBABB1FDAF5}.Release|x64.Build.0 = Release|Any CPU
		{38483BC6-B3BE-46D1-BDD6-BFBABB1FDAF5}.Release|x86.ActiveCfg = Release|Any CPU
		{38483BC6-B3BE-46D1-BDD6-BFBABB1FDAF5}.Release|x86.Build.0 = Release|Any CPU
		{9E8BC906-AF90-4F88-B198-C39408C51A00}.Debug|Any CPU.ActiveCfg = Debug|Any CPU
		{9E8BC906-AF90-4F88-B198-C39408C51A00}.Debug|Any CPU.Build.0 = Debug|Any CPU
		{9E8BC906-AF90-4F88-B198-C39408C51A00}.Debug|x64.ActiveCfg = Debug|Any CPU
		{9E8BC906-AF90-4F88-B198-C39408C51A00}.Debug|x64.Build.0 = Debug|Any CPU
		{9E8BC906-AF90-4F88-B198-C39408C51A00}.Debug|x86.ActiveCfg = Debug|Any CPU
		{9E8BC906-AF90-4F88-B198-C39408C51A00}.Debug|x86.Build.0 = Debug|Any CPU
		{9E8BC906-AF90-4F88-B198-C39408C51A00}.Release|Any CPU.ActiveCfg = Release|Any CPU
		{9E8BC906-AF90-4F88-B198-C39408C51A00}.Release|Any CPU.Build.0 = Release|Any CPU
		{9E8BC906-AF90-4F88-B198-C39408C51A00}.Release|x64.ActiveCfg = Release|Any CPU
		{9E8BC906-AF90-4F88-B198-C39408C51A00}.Release|x64.Build.0 = Release|Any CPU
		{9E8BC906-AF90-4F88-B198-C39408C51A00}.Release|x86.ActiveCfg = Release|Any CPU
		{9E8BC906-AF90-4F88-B198-C39408C51A00}.Release|x86.Build.0 = Release|Any CPU
		{49C2AD5F-4334-4B3D-B55D-C6272CDCF291}.Debug|Any CPU.ActiveCfg = Debug|Any CPU
		{49C2AD5F-4334-4B3D-B55D-C6272CDCF291}.Debug|Any CPU.Build.0 = Debug|Any CPU
		{49C2AD5F-4334-4B3D-B55D-C6272CDCF291}.Debug|x64.ActiveCfg = Debug|Any CPU
		{49C2AD5F-4334-4B3D-B55D-C6272CDCF291}.Debug|x64.Build.0 = Debug|Any CPU
		{49C2AD5F-4334-4B3D-B55D-C6272CDCF291}.Debug|x86.ActiveCfg = Debug|Any CPU
		{49C2AD5F-4334-4B3D-B55D-C6272CDCF291}.Debug|x86.Build.0 = Debug|Any CPU
		{49C2AD5F-4334-4B3D-B55D-C6272CDCF291}.Release|Any CPU.ActiveCfg = Release|Any CPU
		{49C2AD5F-4334-4B3D-B55D-C6272CDCF291}.Release|Any CPU.Build.0 = Release|Any CPU
		{49C2AD5F-4334-4B3D-B55D-C6272CDCF291}.Release|x64.ActiveCfg = Release|Any CPU
		{49C2AD5F-4334-4B3D-B55D-C6272CDCF291}.Release|x64.Build.0 = Release|Any CPU
		{49C2AD5F-4334-4B3D-B55D-C6272CDCF291}.Release|x86.ActiveCfg = Release|Any CPU
		{49C2AD5F-4334-4B3D-B55D-C6272CDCF291}.Release|x86.Build.0 = Release|Any CPU
		{F54FCA14-5F06-42D8-A0E8-74B2DF9122FC}.Debug|Any CPU.ActiveCfg = Debug|Any CPU
		{F54FCA14-5F06-42D8-A0E8-74B2DF9122FC}.Debug|Any CPU.Build.0 = Debug|Any CPU
		{F54FCA14-5F06-42D8-A0E8-74B2DF9122FC}.Debug|x64.ActiveCfg = Debug|Any CPU
		{F54FCA14-5F06-42D8-A0E8-74B2DF9122FC}.Debug|x64.Build.0 = Debug|Any CPU
		{F54FCA14-5F06-42D8-A0E8-74B2DF9122FC}.Debug|x86.ActiveCfg = Debug|Any CPU
		{F54FCA14-5F06-42D8-A0E8-74B2DF9122FC}.Debug|x86.Build.0 = Debug|Any CPU
		{F54FCA14-5F06-42D8-A0E8-74B2DF9122FC}.Release|Any CPU.ActiveCfg = Release|Any CPU
		{F54FCA14-5F06-42D8-A0E8-74B2DF9122FC}.Release|Any CPU.Build.0 = Release|Any CPU
		{F54FCA14-5F06-42D8-A0E8-74B2DF9122FC}.Release|x64.ActiveCfg = Release|Any CPU
		{F54FCA14-5F06-42D8-A0E8-74B2DF9122FC}.Release|x64.Build.0 = Release|Any CPU
		{F54FCA14-5F06-42D8-A0E8-74B2DF9122FC}.Release|x86.ActiveCfg = Release|Any CPU
		{F54FCA14-5F06-42D8-A0E8-74B2DF9122FC}.Release|x86.Build.0 = Release|Any CPU
		{CE32F4A6-C494-4D5F-92DD-578A36404074}.Debug|Any CPU.ActiveCfg = Debug|Any CPU
		{CE32F4A6-C494-4D5F-92DD-578A36404074}.Debug|Any CPU.Build.0 = Debug|Any CPU
		{CE32F4A6-C494-4D5F-92DD-578A36404074}.Debug|x64.ActiveCfg = Debug|Any CPU
		{CE32F4A6-C494-4D5F-92DD-578A36404074}.Debug|x64.Build.0 = Debug|Any CPU
		{CE32F4A6-C494-4D5F-92DD-578A36404074}.Debug|x86.ActiveCfg = Debug|Any CPU
		{CE32F4A6-C494-4D5F-92DD-578A36404074}.Debug|x86.Build.0 = Debug|Any CPU
		{CE32F4A6-C494-4D5F-92DD-578A36404074}.Release|Any CPU.ActiveCfg = Release|Any CPU
		{CE32F4A6-C494-4D5F-92DD-578A36404074}.Release|Any CPU.Build.0 = Release|Any CPU
		{CE32F4A6-C494-4D5F-92DD-578A36404074}.Release|x64.ActiveCfg = Release|Any CPU
		{CE32F4A6-C494-4D5F-92DD-578A36404074}.Release|x64.Build.0 = Release|Any CPU
		{CE32F4A6-C494-4D5F-92DD-578A36404074}.Release|x86.ActiveCfg = Release|Any CPU
		{CE32F4A6-C494-4D5F-92DD-578A36404074}.Release|x86.Build.0 = Release|Any CPU
		{E2C1D364-7726-4F0F-87BF-68B2A2D0098A}.Debug|Any CPU.ActiveCfg = Debug|Any CPU
		{E2C1D364-7726-4F0F-87BF-68B2A2D0098A}.Debug|Any CPU.Build.0 = Debug|Any CPU
		{E2C1D364-7726-4F0F-87BF-68B2A2D0098A}.Debug|x64.ActiveCfg = Debug|Any CPU
		{E2C1D364-7726-4F0F-87BF-68B2A2D0098A}.Debug|x64.Build.0 = Debug|Any CPU
		{E2C1D364-7726-4F0F-87BF-68B2A2D0098A}.Debug|x86.ActiveCfg = Debug|Any CPU
		{E2C1D364-7726-4F0F-87BF-68B2A2D0098A}.Debug|x86.Build.0 = Debug|Any CPU
		{E2C1D364-7726-4F0F-87BF-68B2A2D0098A}.Release|Any CPU.ActiveCfg = Release|Any CPU
		{E2C1D364-7726-4F0F-87BF-68B2A2D0098A}.Release|Any CPU.Build.0 = Release|Any CPU
		{E2C1D364-7726-4F0F-87BF-68B2A2D0098A}.Release|x64.ActiveCfg = Release|Any CPU
		{E2C1D364-7726-4F0F-87BF-68B2A2D0098A}.Release|x64.Build.0 = Release|Any CPU
		{E2C1D364-7726-4F0F-87BF-68B2A2D0098A}.Release|x86.ActiveCfg = Release|Any CPU
		{E2C1D364-7726-4F0F-87BF-68B2A2D0098A}.Release|x86.Build.0 = Release|Any CPU
		{D97DAD85-8CA2-43F2-B05B-DEDDA95D12FF}.Debug|Any CPU.ActiveCfg = Debug|Any CPU
		{D97DAD85-8CA2-43F2-B05B-DEDDA95D12FF}.Debug|Any CPU.Build.0 = Debug|Any CPU
		{D97DAD85-8CA2-43F2-B05B-DEDDA95D12FF}.Debug|x64.ActiveCfg = Debug|Any CPU
		{D97DAD85-8CA2-43F2-B05B-DEDDA95D12FF}.Debug|x64.Build.0 = Debug|Any CPU
		{D97DAD85-8CA2-43F2-B05B-DEDDA95D12FF}.Debug|x86.ActiveCfg = Debug|Any CPU
		{D97DAD85-8CA2-43F2-B05B-DEDDA95D12FF}.Debug|x86.Build.0 = Debug|Any CPU
		{D97DAD85-8CA2-43F2-B05B-DEDDA95D12FF}.Release|Any CPU.ActiveCfg = Release|Any CPU
		{D97DAD85-8CA2-43F2-B05B-DEDDA95D12FF}.Release|Any CPU.Build.0 = Release|Any CPU
		{D97DAD85-8CA2-43F2-B05B-DEDDA95D12FF}.Release|x64.ActiveCfg = Release|Any CPU
		{D97DAD85-8CA2-43F2-B05B-DEDDA95D12FF}.Release|x64.Build.0 = Release|Any CPU
		{D97DAD85-8CA2-43F2-B05B-DEDDA95D12FF}.Release|x86.ActiveCfg = Release|Any CPU
		{D97DAD85-8CA2-43F2-B05B-DEDDA95D12FF}.Release|x86.Build.0 = Release|Any CPU
		{6F2713F2-3CCC-400B-A6B1-41C203CDB99C}.Debug|Any CPU.ActiveCfg = Debug|Any CPU
		{6F2713F2-3CCC-400B-A6B1-41C203CDB99C}.Debug|Any CPU.Build.0 = Debug|Any CPU
		{6F2713F2-3CCC-400B-A6B1-41C203CDB99C}.Debug|x64.ActiveCfg = Debug|Any CPU
		{6F2713F2-3CCC-400B-A6B1-41C203CDB99C}.Debug|x64.Build.0 = Debug|Any CPU
		{6F2713F2-3CCC-400B-A6B1-41C203CDB99C}.Debug|x86.ActiveCfg = Debug|Any CPU
		{6F2713F2-3CCC-400B-A6B1-41C203CDB99C}.Debug|x86.Build.0 = Debug|Any CPU
		{6F2713F2-3CCC-400B-A6B1-41C203CDB99C}.Release|Any CPU.ActiveCfg = Release|Any CPU
		{6F2713F2-3CCC-400B-A6B1-41C203CDB99C}.Release|Any CPU.Build.0 = Release|Any CPU
		{6F2713F2-3CCC-400B-A6B1-41C203CDB99C}.Release|x64.ActiveCfg = Release|Any CPU
		{6F2713F2-3CCC-400B-A6B1-41C203CDB99C}.Release|x64.Build.0 = Release|Any CPU
		{6F2713F2-3CCC-400B-A6B1-41C203CDB99C}.Release|x86.ActiveCfg = Release|Any CPU
		{6F2713F2-3CCC-400B-A6B1-41C203CDB99C}.Release|x86.Build.0 = Release|Any CPU
		{F374DC8F-2D72-44D5-8B85-88401D5D2881}.Debug|Any CPU.ActiveCfg = Debug|Any CPU
		{F374DC8F-2D72-44D5-8B85-88401D5D2881}.Debug|Any CPU.Build.0 = Debug|Any CPU
		{F374DC8F-2D72-44D5-8B85-88401D5D2881}.Debug|x64.ActiveCfg = Debug|Any CPU
		{F374DC8F-2D72-44D5-8B85-88401D5D2881}.Debug|x64.Build.0 = Debug|Any CPU
		{F374DC8F-2D72-44D5-8B85-88401D5D2881}.Debug|x86.ActiveCfg = Debug|Any CPU
		{F374DC8F-2D72-44D5-8B85-88401D5D2881}.Debug|x86.Build.0 = Debug|Any CPU
		{F374DC8F-2D72-44D5-8B85-88401D5D2881}.Release|Any CPU.ActiveCfg = Release|Any CPU
		{F374DC8F-2D72-44D5-8B85-88401D5D2881}.Release|Any CPU.Build.0 = Release|Any CPU
		{F374DC8F-2D72-44D5-8B85-88401D5D2881}.Release|x64.ActiveCfg = Release|Any CPU
		{F374DC8F-2D72-44D5-8B85-88401D5D2881}.Release|x64.Build.0 = Release|Any CPU
		{F374DC8F-2D72-44D5-8B85-88401D5D2881}.Release|x86.ActiveCfg = Release|Any CPU
		{F374DC8F-2D72-44D5-8B85-88401D5D2881}.Release|x86.Build.0 = Release|Any CPU
		{23154201-224D-4B9D-8ECE-8CF425A3A78A}.Debug|Any CPU.ActiveCfg = Debug|Any CPU
		{23154201-224D-4B9D-8ECE-8CF425A3A78A}.Debug|Any CPU.Build.0 = Debug|Any CPU
		{23154201-224D-4B9D-8ECE-8CF425A3A78A}.Debug|x64.ActiveCfg = Debug|Any CPU
		{23154201-224D-4B9D-8ECE-8CF425A3A78A}.Debug|x64.Build.0 = Debug|Any CPU
		{23154201-224D-4B9D-8ECE-8CF425A3A78A}.Debug|x86.ActiveCfg = Debug|Any CPU
		{23154201-224D-4B9D-8ECE-8CF425A3A78A}.Debug|x86.Build.0 = Debug|Any CPU
		{23154201-224D-4B9D-8ECE-8CF425A3A78A}.Release|Any CPU.ActiveCfg = Release|Any CPU
		{23154201-224D-4B9D-8ECE-8CF425A3A78A}.Release|Any CPU.Build.0 = Release|Any CPU
		{23154201-224D-4B9D-8ECE-8CF425A3A78A}.Release|x64.ActiveCfg = Release|Any CPU
		{23154201-224D-4B9D-8ECE-8CF425A3A78A}.Release|x64.Build.0 = Release|Any CPU
		{23154201-224D-4B9D-8ECE-8CF425A3A78A}.Release|x86.ActiveCfg = Release|Any CPU
		{23154201-224D-4B9D-8ECE-8CF425A3A78A}.Release|x86.Build.0 = Release|Any CPU
		{EB6C7A9C-2653-43CF-B91C-66EF6792AE72}.Debug|Any CPU.ActiveCfg = Debug|Any CPU
		{EB6C7A9C-2653-43CF-B91C-66EF6792AE72}.Debug|Any CPU.Build.0 = Debug|Any CPU
		{EB6C7A9C-2653-43CF-B91C-66EF6792AE72}.Debug|x64.ActiveCfg = Debug|Any CPU
		{EB6C7A9C-2653-43CF-B91C-66EF6792AE72}.Debug|x64.Build.0 = Debug|Any CPU
		{EB6C7A9C-2653-43CF-B91C-66EF6792AE72}.Debug|x86.ActiveCfg = Debug|Any CPU
		{EB6C7A9C-2653-43CF-B91C-66EF6792AE72}.Debug|x86.Build.0 = Debug|Any CPU
		{EB6C7A9C-2653-43CF-B91C-66EF6792AE72}.Release|Any CPU.ActiveCfg = Release|Any CPU
		{EB6C7A9C-2653-43CF-B91C-66EF6792AE72}.Release|Any CPU.Build.0 = Release|Any CPU
		{EB6C7A9C-2653-43CF-B91C-66EF6792AE72}.Release|x64.ActiveCfg = Release|Any CPU
		{EB6C7A9C-2653-43CF-B91C-66EF6792AE72}.Release|x64.Build.0 = Release|Any CPU
		{EB6C7A9C-2653-43CF-B91C-66EF6792AE72}.Release|x86.ActiveCfg = Release|Any CPU
		{EB6C7A9C-2653-43CF-B91C-66EF6792AE72}.Release|x86.Build.0 = Release|Any CPU
		{F08A3969-32F3-4A7A-9B94-3E38CCD57C7F}.Debug|Any CPU.ActiveCfg = Debug|Any CPU
		{F08A3969-32F3-4A7A-9B94-3E38CCD57C7F}.Debug|Any CPU.Build.0 = Debug|Any CPU
		{F08A3969-32F3-4A7A-9B94-3E38CCD57C7F}.Debug|x64.ActiveCfg = Debug|Any CPU
		{F08A3969-32F3-4A7A-9B94-3E38CCD57C7F}.Debug|x64.Build.0 = Debug|Any CPU
		{F08A3969-32F3-4A7A-9B94-3E38CCD57C7F}.Debug|x86.ActiveCfg = Debug|Any CPU
		{F08A3969-32F3-4A7A-9B94-3E38CCD57C7F}.Debug|x86.Build.0 = Debug|Any CPU
		{F08A3969-32F3-4A7A-9B94-3E38CCD57C7F}.Release|Any CPU.ActiveCfg = Release|Any CPU
		{F08A3969-32F3-4A7A-9B94-3E38CCD57C7F}.Release|Any CPU.Build.0 = Release|Any CPU
		{F08A3969-32F3-4A7A-9B94-3E38CCD57C7F}.Release|x64.ActiveCfg = Release|Any CPU
		{F08A3969-32F3-4A7A-9B94-3E38CCD57C7F}.Release|x64.Build.0 = Release|Any CPU
		{F08A3969-32F3-4A7A-9B94-3E38CCD57C7F}.Release|x86.ActiveCfg = Release|Any CPU
		{F08A3969-32F3-4A7A-9B94-3E38CCD57C7F}.Release|x86.Build.0 = Release|Any CPU
		{FD038E9F-EF90-4C06-8767-6C2CADF81CAC}.Debug|Any CPU.ActiveCfg = Debug|Any CPU
		{FD038E9F-EF90-4C06-8767-6C2CADF81CAC}.Debug|Any CPU.Build.0 = Debug|Any CPU
		{FD038E9F-EF90-4C06-8767-6C2CADF81CAC}.Debug|x64.ActiveCfg = Debug|Any CPU
		{FD038E9F-EF90-4C06-8767-6C2CADF81CAC}.Debug|x64.Build.0 = Debug|Any CPU
		{FD038E9F-EF90-4C06-8767-6C2CADF81CAC}.Debug|x86.ActiveCfg = Debug|Any CPU
		{FD038E9F-EF90-4C06-8767-6C2CADF81CAC}.Debug|x86.Build.0 = Debug|Any CPU
		{FD038E9F-EF90-4C06-8767-6C2CADF81CAC}.Release|Any CPU.ActiveCfg = Release|Any CPU
		{FD038E9F-EF90-4C06-8767-6C2CADF81CAC}.Release|Any CPU.Build.0 = Release|Any CPU
		{FD038E9F-EF90-4C06-8767-6C2CADF81CAC}.Release|x64.ActiveCfg = Release|Any CPU
		{FD038E9F-EF90-4C06-8767-6C2CADF81CAC}.Release|x64.Build.0 = Release|Any CPU
		{FD038E9F-EF90-4C06-8767-6C2CADF81CAC}.Release|x86.ActiveCfg = Release|Any CPU
		{FD038E9F-EF90-4C06-8767-6C2CADF81CAC}.Release|x86.Build.0 = Release|Any CPU
		{E8B0CCDB-934E-4574-944A-E101CBFC958F}.Debug|Any CPU.ActiveCfg = Debug|Any CPU
		{E8B0CCDB-934E-4574-944A-E101CBFC958F}.Debug|Any CPU.Build.0 = Debug|Any CPU
		{E8B0CCDB-934E-4574-944A-E101CBFC958F}.Debug|x64.ActiveCfg = Debug|Any CPU
		{E8B0CCDB-934E-4574-944A-E101CBFC958F}.Debug|x64.Build.0 = Debug|Any CPU
		{E8B0CCDB-934E-4574-944A-E101CBFC958F}.Debug|x86.ActiveCfg = Debug|Any CPU
		{E8B0CCDB-934E-4574-944A-E101CBFC958F}.Debug|x86.Build.0 = Debug|Any CPU
		{E8B0CCDB-934E-4574-944A-E101CBFC958F}.Release|Any CPU.ActiveCfg = Release|Any CPU
		{E8B0CCDB-934E-4574-944A-E101CBFC958F}.Release|Any CPU.Build.0 = Release|Any CPU
		{E8B0CCDB-934E-4574-944A-E101CBFC958F}.Release|x64.ActiveCfg = Release|Any CPU
		{E8B0CCDB-934E-4574-944A-E101CBFC958F}.Release|x64.Build.0 = Release|Any CPU
		{E8B0CCDB-934E-4574-944A-E101CBFC958F}.Release|x86.ActiveCfg = Release|Any CPU
		{E8B0CCDB-934E-4574-944A-E101CBFC958F}.Release|x86.Build.0 = Release|Any CPU
		{2C17FB02-1E6C-4DD8-B6DB-4D0DE3D3DC42}.Debug|Any CPU.ActiveCfg = Debug|Any CPU
		{2C17FB02-1E6C-4DD8-B6DB-4D0DE3D3DC42}.Debug|Any CPU.Build.0 = Debug|Any CPU
		{2C17FB02-1E6C-4DD8-B6DB-4D0DE3D3DC42}.Debug|x64.ActiveCfg = Debug|Any CPU
		{2C17FB02-1E6C-4DD8-B6DB-4D0DE3D3DC42}.Debug|x64.Build.0 = Debug|Any CPU
		{2C17FB02-1E6C-4DD8-B6DB-4D0DE3D3DC42}.Debug|x86.ActiveCfg = Debug|Any CPU
		{2C17FB02-1E6C-4DD8-B6DB-4D0DE3D3DC42}.Debug|x86.Build.0 = Debug|Any CPU
		{2C17FB02-1E6C-4DD8-B6DB-4D0DE3D3DC42}.Release|Any CPU.ActiveCfg = Release|Any CPU
		{2C17FB02-1E6C-4DD8-B6DB-4D0DE3D3DC42}.Release|Any CPU.Build.0 = Release|Any CPU
		{2C17FB02-1E6C-4DD8-B6DB-4D0DE3D3DC42}.Release|x64.ActiveCfg = Release|Any CPU
		{2C17FB02-1E6C-4DD8-B6DB-4D0DE3D3DC42}.Release|x64.Build.0 = Release|Any CPU
		{2C17FB02-1E6C-4DD8-B6DB-4D0DE3D3DC42}.Release|x86.ActiveCfg = Release|Any CPU
		{2C17FB02-1E6C-4DD8-B6DB-4D0DE3D3DC42}.Release|x86.Build.0 = Release|Any CPU
		{13304B2D-139F-4BF6-95EC-498402AF7FF4}.Debug|Any CPU.ActiveCfg = Debug|Any CPU
		{13304B2D-139F-4BF6-95EC-498402AF7FF4}.Debug|Any CPU.Build.0 = Debug|Any CPU
		{13304B2D-139F-4BF6-95EC-498402AF7FF4}.Debug|x64.ActiveCfg = Debug|Any CPU
		{13304B2D-139F-4BF6-95EC-498402AF7FF4}.Debug|x64.Build.0 = Debug|Any CPU
		{13304B2D-139F-4BF6-95EC-498402AF7FF4}.Debug|x86.ActiveCfg = Debug|Any CPU
		{13304B2D-139F-4BF6-95EC-498402AF7FF4}.Debug|x86.Build.0 = Debug|Any CPU
		{13304B2D-139F-4BF6-95EC-498402AF7FF4}.Release|Any CPU.ActiveCfg = Release|Any CPU
		{13304B2D-139F-4BF6-95EC-498402AF7FF4}.Release|Any CPU.Build.0 = Release|Any CPU
		{13304B2D-139F-4BF6-95EC-498402AF7FF4}.Release|x64.ActiveCfg = Release|Any CPU
		{13304B2D-139F-4BF6-95EC-498402AF7FF4}.Release|x64.Build.0 = Release|Any CPU
		{13304B2D-139F-4BF6-95EC-498402AF7FF4}.Release|x86.ActiveCfg = Release|Any CPU
		{13304B2D-139F-4BF6-95EC-498402AF7FF4}.Release|x86.Build.0 = Release|Any CPU
		{923310DE-C9CF-465E-B1BD-4C4FEFDBE8FF}.Debug|Any CPU.ActiveCfg = Debug|Any CPU
		{923310DE-C9CF-465E-B1BD-4C4FEFDBE8FF}.Debug|Any CPU.Build.0 = Debug|Any CPU
		{923310DE-C9CF-465E-B1BD-4C4FEFDBE8FF}.Debug|x64.ActiveCfg = Debug|Any CPU
		{923310DE-C9CF-465E-B1BD-4C4FEFDBE8FF}.Debug|x64.Build.0 = Debug|Any CPU
		{923310DE-C9CF-465E-B1BD-4C4FEFDBE8FF}.Debug|x86.ActiveCfg = Debug|Any CPU
		{923310DE-C9CF-465E-B1BD-4C4FEFDBE8FF}.Debug|x86.Build.0 = Debug|Any CPU
		{923310DE-C9CF-465E-B1BD-4C4FEFDBE8FF}.Release|Any CPU.ActiveCfg = Release|Any CPU
		{923310DE-C9CF-465E-B1BD-4C4FEFDBE8FF}.Release|Any CPU.Build.0 = Release|Any CPU
		{923310DE-C9CF-465E-B1BD-4C4FEFDBE8FF}.Release|x64.ActiveCfg = Release|Any CPU
		{923310DE-C9CF-465E-B1BD-4C4FEFDBE8FF}.Release|x64.Build.0 = Release|Any CPU
		{923310DE-C9CF-465E-B1BD-4C4FEFDBE8FF}.Release|x86.ActiveCfg = Release|Any CPU
		{923310DE-C9CF-465E-B1BD-4C4FEFDBE8FF}.Release|x86.Build.0 = Release|Any CPU
		{91AA0C11-02E1-4F50-A35C-8DF2D7F80862}.Debug|Any CPU.ActiveCfg = Debug|Any CPU
		{91AA0C11-02E1-4F50-A35C-8DF2D7F80862}.Debug|Any CPU.Build.0 = Debug|Any CPU
		{91AA0C11-02E1-4F50-A35C-8DF2D7F80862}.Debug|x64.ActiveCfg = Debug|Any CPU
		{91AA0C11-02E1-4F50-A35C-8DF2D7F80862}.Debug|x64.Build.0 = Debug|Any CPU
		{91AA0C11-02E1-4F50-A35C-8DF2D7F80862}.Debug|x86.ActiveCfg = Debug|Any CPU
		{91AA0C11-02E1-4F50-A35C-8DF2D7F80862}.Debug|x86.Build.0 = Debug|Any CPU
		{91AA0C11-02E1-4F50-A35C-8DF2D7F80862}.Release|Any CPU.ActiveCfg = Release|Any CPU
		{91AA0C11-02E1-4F50-A35C-8DF2D7F80862}.Release|Any CPU.Build.0 = Release|Any CPU
		{91AA0C11-02E1-4F50-A35C-8DF2D7F80862}.Release|x64.ActiveCfg = Release|Any CPU
		{91AA0C11-02E1-4F50-A35C-8DF2D7F80862}.Release|x64.Build.0 = Release|Any CPU
		{91AA0C11-02E1-4F50-A35C-8DF2D7F80862}.Release|x86.ActiveCfg = Release|Any CPU
		{91AA0C11-02E1-4F50-A35C-8DF2D7F80862}.Release|x86.Build.0 = Release|Any CPU
		{05BD05A3-C59C-4208-A613-DC462CB50135}.Debug|Any CPU.ActiveCfg = Debug|Any CPU
		{05BD05A3-C59C-4208-A613-DC462CB50135}.Debug|Any CPU.Build.0 = Debug|Any CPU
		{05BD05A3-C59C-4208-A613-DC462CB50135}.Debug|x64.ActiveCfg = Debug|Any CPU
		{05BD05A3-C59C-4208-A613-DC462CB50135}.Debug|x64.Build.0 = Debug|Any CPU
		{05BD05A3-C59C-4208-A613-DC462CB50135}.Debug|x86.ActiveCfg = Debug|Any CPU
		{05BD05A3-C59C-4208-A613-DC462CB50135}.Debug|x86.Build.0 = Debug|Any CPU
		{05BD05A3-C59C-4208-A613-DC462CB50135}.Release|Any CPU.ActiveCfg = Release|Any CPU
		{05BD05A3-C59C-4208-A613-DC462CB50135}.Release|Any CPU.Build.0 = Release|Any CPU
		{05BD05A3-C59C-4208-A613-DC462CB50135}.Release|x64.ActiveCfg = Release|Any CPU
		{05BD05A3-C59C-4208-A613-DC462CB50135}.Release|x64.Build.0 = Release|Any CPU
		{05BD05A3-C59C-4208-A613-DC462CB50135}.Release|x86.ActiveCfg = Release|Any CPU
		{05BD05A3-C59C-4208-A613-DC462CB50135}.Release|x86.Build.0 = Release|Any CPU
		{A4567F54-B44F-4717-B560-97A9A0C5D56A}.Debug|Any CPU.ActiveCfg = Debug|Any CPU
		{A4567F54-B44F-4717-B560-97A9A0C5D56A}.Debug|Any CPU.Build.0 = Debug|Any CPU
		{A4567F54-B44F-4717-B560-97A9A0C5D56A}.Debug|x64.ActiveCfg = Debug|Any CPU
		{A4567F54-B44F-4717-B560-97A9A0C5D56A}.Debug|x64.Build.0 = Debug|Any CPU
		{A4567F54-B44F-4717-B560-97A9A0C5D56A}.Debug|x86.ActiveCfg = Debug|Any CPU
		{A4567F54-B44F-4717-B560-97A9A0C5D56A}.Debug|x86.Build.0 = Debug|Any CPU
		{A4567F54-B44F-4717-B560-97A9A0C5D56A}.Release|Any CPU.ActiveCfg = Release|Any CPU
		{A4567F54-B44F-4717-B560-97A9A0C5D56A}.Release|Any CPU.Build.0 = Release|Any CPU
		{A4567F54-B44F-4717-B560-97A9A0C5D56A}.Release|x64.ActiveCfg = Release|Any CPU
		{A4567F54-B44F-4717-B560-97A9A0C5D56A}.Release|x64.Build.0 = Release|Any CPU
		{A4567F54-B44F-4717-B560-97A9A0C5D56A}.Release|x86.ActiveCfg = Release|Any CPU
		{A4567F54-B44F-4717-B560-97A9A0C5D56A}.Release|x86.Build.0 = Release|Any CPU
		{5F28823F-E364-40DA-967A-CDD71C379843}.Debug|Any CPU.ActiveCfg = Debug|Any CPU
		{5F28823F-E364-40DA-967A-CDD71C379843}.Debug|Any CPU.Build.0 = Debug|Any CPU
		{5F28823F-E364-40DA-967A-CDD71C379843}.Debug|x64.ActiveCfg = Debug|Any CPU
		{5F28823F-E364-40DA-967A-CDD71C379843}.Debug|x64.Build.0 = Debug|Any CPU
		{5F28823F-E364-40DA-967A-CDD71C379843}.Debug|x86.ActiveCfg = Debug|Any CPU
		{5F28823F-E364-40DA-967A-CDD71C379843}.Debug|x86.Build.0 = Debug|Any CPU
		{5F28823F-E364-40DA-967A-CDD71C379843}.Release|Any CPU.ActiveCfg = Release|Any CPU
		{5F28823F-E364-40DA-967A-CDD71C379843}.Release|Any CPU.Build.0 = Release|Any CPU
		{5F28823F-E364-40DA-967A-CDD71C379843}.Release|x64.ActiveCfg = Release|Any CPU
		{5F28823F-E364-40DA-967A-CDD71C379843}.Release|x64.Build.0 = Release|Any CPU
		{5F28823F-E364-40DA-967A-CDD71C379843}.Release|x86.ActiveCfg = Release|Any CPU
		{5F28823F-E364-40DA-967A-CDD71C379843}.Release|x86.Build.0 = Release|Any CPU
		{CDD47CBD-2B24-4BCA-AD14-4522EDC12CF1}.Debug|Any CPU.ActiveCfg = Debug|Any CPU
		{CDD47CBD-2B24-4BCA-AD14-4522EDC12CF1}.Debug|Any CPU.Build.0 = Debug|Any CPU
		{CDD47CBD-2B24-4BCA-AD14-4522EDC12CF1}.Debug|x64.ActiveCfg = Debug|Any CPU
		{CDD47CBD-2B24-4BCA-AD14-4522EDC12CF1}.Debug|x64.Build.0 = Debug|Any CPU
		{CDD47CBD-2B24-4BCA-AD14-4522EDC12CF1}.Debug|x86.ActiveCfg = Debug|Any CPU
		{CDD47CBD-2B24-4BCA-AD14-4522EDC12CF1}.Debug|x86.Build.0 = Debug|Any CPU
		{CDD47CBD-2B24-4BCA-AD14-4522EDC12CF1}.Release|Any CPU.ActiveCfg = Release|Any CPU
		{CDD47CBD-2B24-4BCA-AD14-4522EDC12CF1}.Release|Any CPU.Build.0 = Release|Any CPU
		{CDD47CBD-2B24-4BCA-AD14-4522EDC12CF1}.Release|x64.ActiveCfg = Release|Any CPU
		{CDD47CBD-2B24-4BCA-AD14-4522EDC12CF1}.Release|x64.Build.0 = Release|Any CPU
		{CDD47CBD-2B24-4BCA-AD14-4522EDC12CF1}.Release|x86.ActiveCfg = Release|Any CPU
		{CDD47CBD-2B24-4BCA-AD14-4522EDC12CF1}.Release|x86.Build.0 = Release|Any CPU
		{77DD3B94-6CF2-41CB-919C-788584DFDFCD}.Debug|Any CPU.ActiveCfg = Debug|Any CPU
		{77DD3B94-6CF2-41CB-919C-788584DFDFCD}.Debug|Any CPU.Build.0 = Debug|Any CPU
		{77DD3B94-6CF2-41CB-919C-788584DFDFCD}.Debug|x64.ActiveCfg = Debug|Any CPU
		{77DD3B94-6CF2-41CB-919C-788584DFDFCD}.Debug|x64.Build.0 = Debug|Any CPU
		{77DD3B94-6CF2-41CB-919C-788584DFDFCD}.Debug|x86.ActiveCfg = Debug|Any CPU
		{77DD3B94-6CF2-41CB-919C-788584DFDFCD}.Debug|x86.Build.0 = Debug|Any CPU
		{77DD3B94-6CF2-41CB-919C-788584DFDFCD}.Release|Any CPU.ActiveCfg = Release|Any CPU
		{77DD3B94-6CF2-41CB-919C-788584DFDFCD}.Release|Any CPU.Build.0 = Release|Any CPU
		{77DD3B94-6CF2-41CB-919C-788584DFDFCD}.Release|x64.ActiveCfg = Release|Any CPU
		{77DD3B94-6CF2-41CB-919C-788584DFDFCD}.Release|x64.Build.0 = Release|Any CPU
		{77DD3B94-6CF2-41CB-919C-788584DFDFCD}.Release|x86.ActiveCfg = Release|Any CPU
		{77DD3B94-6CF2-41CB-919C-788584DFDFCD}.Release|x86.Build.0 = Release|Any CPU
		{EB06B43D-F5C8-4812-A9D0-476D3309AA21}.Debug|Any CPU.ActiveCfg = Debug|Any CPU
		{EB06B43D-F5C8-4812-A9D0-476D3309AA21}.Debug|Any CPU.Build.0 = Debug|Any CPU
		{EB06B43D-F5C8-4812-A9D0-476D3309AA21}.Debug|x64.ActiveCfg = Debug|Any CPU
		{EB06B43D-F5C8-4812-A9D0-476D3309AA21}.Debug|x64.Build.0 = Debug|Any CPU
		{EB06B43D-F5C8-4812-A9D0-476D3309AA21}.Debug|x86.ActiveCfg = Debug|Any CPU
		{EB06B43D-F5C8-4812-A9D0-476D3309AA21}.Debug|x86.Build.0 = Debug|Any CPU
		{EB06B43D-F5C8-4812-A9D0-476D3309AA21}.Release|Any CPU.ActiveCfg = Release|Any CPU
		{EB06B43D-F5C8-4812-A9D0-476D3309AA21}.Release|Any CPU.Build.0 = Release|Any CPU
		{EB06B43D-F5C8-4812-A9D0-476D3309AA21}.Release|x64.ActiveCfg = Release|Any CPU
		{EB06B43D-F5C8-4812-A9D0-476D3309AA21}.Release|x64.Build.0 = Release|Any CPU
		{EB06B43D-F5C8-4812-A9D0-476D3309AA21}.Release|x86.ActiveCfg = Release|Any CPU
		{EB06B43D-F5C8-4812-A9D0-476D3309AA21}.Release|x86.Build.0 = Release|Any CPU
		{6FE92E78-2AB6-47B3-BE70-59FE0D4BAA84}.Debug|Any CPU.ActiveCfg = Debug|Any CPU
		{6FE92E78-2AB6-47B3-BE70-59FE0D4BAA84}.Debug|Any CPU.Build.0 = Debug|Any CPU
		{6FE92E78-2AB6-47B3-BE70-59FE0D4BAA84}.Debug|x64.ActiveCfg = Debug|Any CPU
		{6FE92E78-2AB6-47B3-BE70-59FE0D4BAA84}.Debug|x64.Build.0 = Debug|Any CPU
		{6FE92E78-2AB6-47B3-BE70-59FE0D4BAA84}.Debug|x86.ActiveCfg = Debug|Any CPU
		{6FE92E78-2AB6-47B3-BE70-59FE0D4BAA84}.Debug|x86.Build.0 = Debug|Any CPU
		{6FE92E78-2AB6-47B3-BE70-59FE0D4BAA84}.Release|Any CPU.ActiveCfg = Release|Any CPU
		{6FE92E78-2AB6-47B3-BE70-59FE0D4BAA84}.Release|Any CPU.Build.0 = Release|Any CPU
		{6FE92E78-2AB6-47B3-BE70-59FE0D4BAA84}.Release|x64.ActiveCfg = Release|Any CPU
		{6FE92E78-2AB6-47B3-BE70-59FE0D4BAA84}.Release|x64.Build.0 = Release|Any CPU
		{6FE92E78-2AB6-47B3-BE70-59FE0D4BAA84}.Release|x86.ActiveCfg = Release|Any CPU
		{6FE92E78-2AB6-47B3-BE70-59FE0D4BAA84}.Release|x86.Build.0 = Release|Any CPU
		{572083A2-13CA-40FA-8D97-AB6450EF1C43}.Debug|Any CPU.ActiveCfg = Debug|Any CPU
		{572083A2-13CA-40FA-8D97-AB6450EF1C43}.Debug|Any CPU.Build.0 = Debug|Any CPU
		{572083A2-13CA-40FA-8D97-AB6450EF1C43}.Debug|x64.ActiveCfg = Debug|Any CPU
		{572083A2-13CA-40FA-8D97-AB6450EF1C43}.Debug|x64.Build.0 = Debug|Any CPU
		{572083A2-13CA-40FA-8D97-AB6450EF1C43}.Debug|x86.ActiveCfg = Debug|Any CPU
		{572083A2-13CA-40FA-8D97-AB6450EF1C43}.Debug|x86.Build.0 = Debug|Any CPU
		{572083A2-13CA-40FA-8D97-AB6450EF1C43}.Release|Any CPU.ActiveCfg = Release|Any CPU
		{572083A2-13CA-40FA-8D97-AB6450EF1C43}.Release|Any CPU.Build.0 = Release|Any CPU
		{572083A2-13CA-40FA-8D97-AB6450EF1C43}.Release|x64.ActiveCfg = Release|Any CPU
		{572083A2-13CA-40FA-8D97-AB6450EF1C43}.Release|x64.Build.0 = Release|Any CPU
		{572083A2-13CA-40FA-8D97-AB6450EF1C43}.Release|x86.ActiveCfg = Release|Any CPU
		{572083A2-13CA-40FA-8D97-AB6450EF1C43}.Release|x86.Build.0 = Release|Any CPU
		{06ACCD2F-3B68-4B05-8E10-AE0A9A7349B0}.Debug|Any CPU.ActiveCfg = Debug|Any CPU
		{06ACCD2F-3B68-4B05-8E10-AE0A9A7349B0}.Debug|Any CPU.Build.0 = Debug|Any CPU
		{06ACCD2F-3B68-4B05-8E10-AE0A9A7349B0}.Debug|x64.ActiveCfg = Debug|Any CPU
		{06ACCD2F-3B68-4B05-8E10-AE0A9A7349B0}.Debug|x64.Build.0 = Debug|Any CPU
		{06ACCD2F-3B68-4B05-8E10-AE0A9A7349B0}.Debug|x86.ActiveCfg = Debug|Any CPU
		{06ACCD2F-3B68-4B05-8E10-AE0A9A7349B0}.Debug|x86.Build.0 = Debug|Any CPU
		{06ACCD2F-3B68-4B05-8E10-AE0A9A7349B0}.Release|Any CPU.ActiveCfg = Release|Any CPU
		{06ACCD2F-3B68-4B05-8E10-AE0A9A7349B0}.Release|Any CPU.Build.0 = Release|Any CPU
		{06ACCD2F-3B68-4B05-8E10-AE0A9A7349B0}.Release|x64.ActiveCfg = Release|Any CPU
		{06ACCD2F-3B68-4B05-8E10-AE0A9A7349B0}.Release|x64.Build.0 = Release|Any CPU
		{06ACCD2F-3B68-4B05-8E10-AE0A9A7349B0}.Release|x86.ActiveCfg = Release|Any CPU
		{06ACCD2F-3B68-4B05-8E10-AE0A9A7349B0}.Release|x86.Build.0 = Release|Any CPU
		{FD4308E9-76F4-48C6-8D15-81D84ADFAF32}.Debug|Any CPU.ActiveCfg = Debug|Any CPU
		{FD4308E9-76F4-48C6-8D15-81D84ADFAF32}.Debug|Any CPU.Build.0 = Debug|Any CPU
		{FD4308E9-76F4-48C6-8D15-81D84ADFAF32}.Debug|x64.ActiveCfg = Debug|Any CPU
		{FD4308E9-76F4-48C6-8D15-81D84ADFAF32}.Debug|x64.Build.0 = Debug|Any CPU
		{FD4308E9-76F4-48C6-8D15-81D84ADFAF32}.Debug|x86.ActiveCfg = Debug|Any CPU
		{FD4308E9-76F4-48C6-8D15-81D84ADFAF32}.Debug|x86.Build.0 = Debug|Any CPU
		{FD4308E9-76F4-48C6-8D15-81D84ADFAF32}.Release|Any CPU.ActiveCfg = Release|Any CPU
		{FD4308E9-76F4-48C6-8D15-81D84ADFAF32}.Release|Any CPU.Build.0 = Release|Any CPU
		{FD4308E9-76F4-48C6-8D15-81D84ADFAF32}.Release|x64.ActiveCfg = Release|Any CPU
		{FD4308E9-76F4-48C6-8D15-81D84ADFAF32}.Release|x64.Build.0 = Release|Any CPU
		{FD4308E9-76F4-48C6-8D15-81D84ADFAF32}.Release|x86.ActiveCfg = Release|Any CPU
		{FD4308E9-76F4-48C6-8D15-81D84ADFAF32}.Release|x86.Build.0 = Release|Any CPU
		{05834F03-845E-4F68-BEFE-0A871CFF9DC4}.Debug|Any CPU.ActiveCfg = Debug|Any CPU
		{05834F03-845E-4F68-BEFE-0A871CFF9DC4}.Debug|Any CPU.Build.0 = Debug|Any CPU
		{05834F03-845E-4F68-BEFE-0A871CFF9DC4}.Debug|x64.ActiveCfg = Debug|Any CPU
		{05834F03-845E-4F68-BEFE-0A871CFF9DC4}.Debug|x64.Build.0 = Debug|Any CPU
		{05834F03-845E-4F68-BEFE-0A871CFF9DC4}.Debug|x86.ActiveCfg = Debug|Any CPU
		{05834F03-845E-4F68-BEFE-0A871CFF9DC4}.Debug|x86.Build.0 = Debug|Any CPU
		{05834F03-845E-4F68-BEFE-0A871CFF9DC4}.Release|Any CPU.ActiveCfg = Release|Any CPU
		{05834F03-845E-4F68-BEFE-0A871CFF9DC4}.Release|Any CPU.Build.0 = Release|Any CPU
		{05834F03-845E-4F68-BEFE-0A871CFF9DC4}.Release|x64.ActiveCfg = Release|Any CPU
		{05834F03-845E-4F68-BEFE-0A871CFF9DC4}.Release|x64.Build.0 = Release|Any CPU
		{05834F03-845E-4F68-BEFE-0A871CFF9DC4}.Release|x86.ActiveCfg = Release|Any CPU
		{05834F03-845E-4F68-BEFE-0A871CFF9DC4}.Release|x86.Build.0 = Release|Any CPU
		{7CFF8A13-DBFA-467D-851E-8274E32C483F}.Debug|Any CPU.ActiveCfg = Debug|Any CPU
		{7CFF8A13-DBFA-467D-851E-8274E32C483F}.Debug|Any CPU.Build.0 = Debug|Any CPU
		{7CFF8A13-DBFA-467D-851E-8274E32C483F}.Debug|x64.ActiveCfg = Debug|Any CPU
		{7CFF8A13-DBFA-467D-851E-8274E32C483F}.Debug|x64.Build.0 = Debug|Any CPU
		{7CFF8A13-DBFA-467D-851E-8274E32C483F}.Debug|x86.ActiveCfg = Debug|Any CPU
		{7CFF8A13-DBFA-467D-851E-8274E32C483F}.Debug|x86.Build.0 = Debug|Any CPU
		{7CFF8A13-DBFA-467D-851E-8274E32C483F}.Release|Any CPU.ActiveCfg = Release|Any CPU
		{7CFF8A13-DBFA-467D-851E-8274E32C483F}.Release|Any CPU.Build.0 = Release|Any CPU
		{7CFF8A13-DBFA-467D-851E-8274E32C483F}.Release|x64.ActiveCfg = Release|Any CPU
		{7CFF8A13-DBFA-467D-851E-8274E32C483F}.Release|x64.Build.0 = Release|Any CPU
		{7CFF8A13-DBFA-467D-851E-8274E32C483F}.Release|x86.ActiveCfg = Release|Any CPU
		{7CFF8A13-DBFA-467D-851E-8274E32C483F}.Release|x86.Build.0 = Release|Any CPU
		{A92D8F50-B8F3-43FA-9610-1A6F3A629A34}.Debug|Any CPU.ActiveCfg = Debug|Any CPU
		{A92D8F50-B8F3-43FA-9610-1A6F3A629A34}.Debug|Any CPU.Build.0 = Debug|Any CPU
		{A92D8F50-B8F3-43FA-9610-1A6F3A629A34}.Debug|x64.ActiveCfg = Debug|Any CPU
		{A92D8F50-B8F3-43FA-9610-1A6F3A629A34}.Debug|x64.Build.0 = Debug|Any CPU
		{A92D8F50-B8F3-43FA-9610-1A6F3A629A34}.Debug|x86.ActiveCfg = Debug|Any CPU
		{A92D8F50-B8F3-43FA-9610-1A6F3A629A34}.Debug|x86.Build.0 = Debug|Any CPU
		{A92D8F50-B8F3-43FA-9610-1A6F3A629A34}.Release|Any CPU.ActiveCfg = Release|Any CPU
		{A92D8F50-B8F3-43FA-9610-1A6F3A629A34}.Release|Any CPU.Build.0 = Release|Any CPU
		{A92D8F50-B8F3-43FA-9610-1A6F3A629A34}.Release|x64.ActiveCfg = Release|Any CPU
		{A92D8F50-B8F3-43FA-9610-1A6F3A629A34}.Release|x64.Build.0 = Release|Any CPU
		{A92D8F50-B8F3-43FA-9610-1A6F3A629A34}.Release|x86.ActiveCfg = Release|Any CPU
		{A92D8F50-B8F3-43FA-9610-1A6F3A629A34}.Release|x86.Build.0 = Release|Any CPU
		{84BC3334-0BD1-4CB8-AC3E-A62C36CDFE68}.Debug|Any CPU.ActiveCfg = Debug|Any CPU
		{84BC3334-0BD1-4CB8-AC3E-A62C36CDFE68}.Debug|Any CPU.Build.0 = Debug|Any CPU
		{84BC3334-0BD1-4CB8-AC3E-A62C36CDFE68}.Debug|x64.ActiveCfg = Debug|Any CPU
		{84BC3334-0BD1-4CB8-AC3E-A62C36CDFE68}.Debug|x64.Build.0 = Debug|Any CPU
		{84BC3334-0BD1-4CB8-AC3E-A62C36CDFE68}.Debug|x86.ActiveCfg = Debug|Any CPU
		{84BC3334-0BD1-4CB8-AC3E-A62C36CDFE68}.Debug|x86.Build.0 = Debug|Any CPU
		{84BC3334-0BD1-4CB8-AC3E-A62C36CDFE68}.Release|Any CPU.ActiveCfg = Release|Any CPU
		{84BC3334-0BD1-4CB8-AC3E-A62C36CDFE68}.Release|Any CPU.Build.0 = Release|Any CPU
		{84BC3334-0BD1-4CB8-AC3E-A62C36CDFE68}.Release|x64.ActiveCfg = Release|Any CPU
		{84BC3334-0BD1-4CB8-AC3E-A62C36CDFE68}.Release|x64.Build.0 = Release|Any CPU
		{84BC3334-0BD1-4CB8-AC3E-A62C36CDFE68}.Release|x86.ActiveCfg = Release|Any CPU
		{84BC3334-0BD1-4CB8-AC3E-A62C36CDFE68}.Release|x86.Build.0 = Release|Any CPU
		{D775AAC5-30F0-492C-AE70-4A4820F93C12}.Debug|Any CPU.ActiveCfg = Debug|Any CPU
		{D775AAC5-30F0-492C-AE70-4A4820F93C12}.Debug|Any CPU.Build.0 = Debug|Any CPU
		{D775AAC5-30F0-492C-AE70-4A4820F93C12}.Debug|x64.ActiveCfg = Debug|Any CPU
		{D775AAC5-30F0-492C-AE70-4A4820F93C12}.Debug|x64.Build.0 = Debug|Any CPU
		{D775AAC5-30F0-492C-AE70-4A4820F93C12}.Debug|x86.ActiveCfg = Debug|Any CPU
		{D775AAC5-30F0-492C-AE70-4A4820F93C12}.Debug|x86.Build.0 = Debug|Any CPU
		{D775AAC5-30F0-492C-AE70-4A4820F93C12}.Release|Any CPU.ActiveCfg = Release|Any CPU
		{D775AAC5-30F0-492C-AE70-4A4820F93C12}.Release|Any CPU.Build.0 = Release|Any CPU
		{D775AAC5-30F0-492C-AE70-4A4820F93C12}.Release|x64.ActiveCfg = Release|Any CPU
		{D775AAC5-30F0-492C-AE70-4A4820F93C12}.Release|x64.Build.0 = Release|Any CPU
		{D775AAC5-30F0-492C-AE70-4A4820F93C12}.Release|x86.ActiveCfg = Release|Any CPU
		{D775AAC5-30F0-492C-AE70-4A4820F93C12}.Release|x86.Build.0 = Release|Any CPU
		{2982CAF0-E4F3-4236-9E40-771341C7E67F}.Debug|Any CPU.ActiveCfg = Debug|Any CPU
		{2982CAF0-E4F3-4236-9E40-771341C7E67F}.Debug|Any CPU.Build.0 = Debug|Any CPU
		{2982CAF0-E4F3-4236-9E40-771341C7E67F}.Debug|x64.ActiveCfg = Debug|Any CPU
		{2982CAF0-E4F3-4236-9E40-771341C7E67F}.Debug|x64.Build.0 = Debug|Any CPU
		{2982CAF0-E4F3-4236-9E40-771341C7E67F}.Debug|x86.ActiveCfg = Debug|Any CPU
		{2982CAF0-E4F3-4236-9E40-771341C7E67F}.Debug|x86.Build.0 = Debug|Any CPU
		{2982CAF0-E4F3-4236-9E40-771341C7E67F}.Release|Any CPU.ActiveCfg = Release|Any CPU
		{2982CAF0-E4F3-4236-9E40-771341C7E67F}.Release|Any CPU.Build.0 = Release|Any CPU
		{2982CAF0-E4F3-4236-9E40-771341C7E67F}.Release|x64.ActiveCfg = Release|Any CPU
		{2982CAF0-E4F3-4236-9E40-771341C7E67F}.Release|x64.Build.0 = Release|Any CPU
		{2982CAF0-E4F3-4236-9E40-771341C7E67F}.Release|x86.ActiveCfg = Release|Any CPU
		{2982CAF0-E4F3-4236-9E40-771341C7E67F}.Release|x86.Build.0 = Release|Any CPU
		{BEE75986-BA96-42BE-A277-0ABA2AFA1B11}.Debug|Any CPU.ActiveCfg = Debug|Any CPU
		{BEE75986-BA96-42BE-A277-0ABA2AFA1B11}.Debug|Any CPU.Build.0 = Debug|Any CPU
		{BEE75986-BA96-42BE-A277-0ABA2AFA1B11}.Debug|x64.ActiveCfg = Debug|Any CPU
		{BEE75986-BA96-42BE-A277-0ABA2AFA1B11}.Debug|x64.Build.0 = Debug|Any CPU
		{BEE75986-BA96-42BE-A277-0ABA2AFA1B11}.Debug|x86.ActiveCfg = Debug|Any CPU
		{BEE75986-BA96-42BE-A277-0ABA2AFA1B11}.Debug|x86.Build.0 = Debug|Any CPU
		{BEE75986-BA96-42BE-A277-0ABA2AFA1B11}.Release|Any CPU.ActiveCfg = Release|Any CPU
		{BEE75986-BA96-42BE-A277-0ABA2AFA1B11}.Release|Any CPU.Build.0 = Release|Any CPU
		{BEE75986-BA96-42BE-A277-0ABA2AFA1B11}.Release|x64.ActiveCfg = Release|Any CPU
		{BEE75986-BA96-42BE-A277-0ABA2AFA1B11}.Release|x64.Build.0 = Release|Any CPU
		{BEE75986-BA96-42BE-A277-0ABA2AFA1B11}.Release|x86.ActiveCfg = Release|Any CPU
		{BEE75986-BA96-42BE-A277-0ABA2AFA1B11}.Release|x86.Build.0 = Release|Any CPU
	EndGlobalSection
EndGlobal
