# THIS IS AN AUTOGENERATED FILE. DO NOT EDIT THIS FILE DIRECTLY.
# yarn lockfile v1


"@aiwins/core@^1.1.12":
  version "1.1.12"
  resolved "https://registry.yarnpkg.com/@aiwins/core/-/core-1.1.12.tgz#631a6c5035839ceae5842c1a9f29617366194690"
  integrity sha512-4AzKDYlGWJvPl7hmrVTAVpyRlfptXHj+WtQA2pZBDZC9OJzABqUwwRpTR3qcVdwrQhZooP8mwSWfA5aW7CJTvg==
  dependencies:
    "@aiwins/utils" "^1.1.12"

"@aiwins/utils@^1.1.12":
  version "1.1.12"
  resolved "https://registry.yarnpkg.com/@aiwins/utils/-/utils-1.1.12.tgz#5e2cb24dd5a2c0655bc040ef2ed67666aadb7bda"
  integrity sha512-Ikne/pstSzxZyxlRHM1VfsOQlkrDfY65WajmeMpNE1xEW4EP07PgyfLXQxdT4ra6kuJ7T9naN6C7zlRybYLzuA==
  dependencies:
    just-compare "^1.3.0"

just-compare@^1.3.0:
  version "1.3.0"
  resolved "https://registry.yarnpkg.com/just-compare/-/just-compare-1.3.0.tgz#a53c31373f150a5b238555c243af4d8a38d7a0e5"
  integrity sha512-i4QNo3mPYubDmAwPbCKQl5C2b5s0yudP5V5GDp6lGR1PM22Em4Idf7mcaIzXYcL6/RLdZtuGrAqkBe9RYM/t4w==

prismjs@^1.17.1:
  version "1.27.0"
  resolved "https://registry.yarnpkg.com/prismjs/-/prismjs-1.27.0.tgz#bb6ee3138a0b438a3653dd4d6ce0cc6510a45057"
  integrity sha512-t13BGPUlFDR7wRB5kQDG4jjl7XeuH6jbJGt11JHPL96qwsEHNX2+68tFXqc1/k+/jALsbSWJKUOT/hcYAZ5LkA==
