# THIS IS AN AUTOGENERATED FILE. DO NOT EDIT THIS FILE DIRECTLY.
# yarn lockfile v1


luxon@^1.21.3:
  version "1.24.1"
  resolved "https://registry.yarnpkg.com/luxon/-/luxon-1.24.1.tgz#a8383266131ed4eaed4b5f430f96f3695403a52a"
  integrity sha512-CgnIMKAWT0ghcuWFfCWBnWGOddM0zu6c4wZAWmD0NN7MZTnro0+833DF6tJep+xlxRPg4KtsYEHYLfTMBQKwYg==
