
Microsoft Visual Studio Solution File, Format Version 12.00
# Visual Studio 15
VisualStudioVersion = 15.0.26124.0
MinimumVisualStudioVersion = 15.0.26124.0
Project("{FAE04EC0-301F-11D3-BF4B-00C04F79EFBC}") = "Aiwins.Docs.Web", "src\Aiwins.Docs.Web\Aiwins.Docs.Web.csproj", "{64DF6BD2-2689-4A30-9BA1-DEB0ADCAC8C8}"
EndProject
Project("{FAE04EC0-301F-11D3-BF4B-00C04F79EFBC}") = "Aiwins.Docs.MongoDB", "src\Aiwins.Docs.MongoDB\Aiwins.Docs.MongoDB.csproj", "{A1621EE1-7597-4FC5-8A62-E9E87FF3CCBA}"
EndProject
Project("{FAE04EC0-301F-11D3-BF4B-00C04F79EFBC}") = "Aiwins.Docs.HttpApi.Client", "src\Aiwins.Docs.HttpApi.Client\Aiwins.Docs.HttpApi.Client.csproj", "{1BF052D5-B743-4D16-B6BB-CF7F12949CE5}"
EndProject
Project("{FAE04EC0-301F-11D3-BF4B-00C04F79EFBC}") = "AIwins.Docs.HttpApi", "src\Aiwins.Docs.HttpApi\AIwins.Docs.HttpApi.csproj", "{B683A349-E281-49EC-8515-1408F6DDC318}"
EndProject
Project("{FAE04EC0-301F-11D3-BF4B-00C04F79EFBC}") = "Aiwins.Docs.EntityFrameworkCore", "src\Aiwins.Docs.EntityFrameworkCore\Aiwins.Docs.EntityFrameworkCore.csproj", "{BA2A462D-137D-477E-9D4B-7F42459F301E}"
EndProject
Project("{FAE04EC0-301F-11D3-BF4B-00C04F79EFBC}") = "Aiwins.Docs.Domain.Shared", "src\Aiwins.Docs.Domain.Shared\Aiwins.Docs.Domain.Shared.csproj", "{545B3F7E-4450-422C-83ED-8DB56E022587}"
EndProject
Project("{FAE04EC0-301F-11D3-BF4B-00C04F79EFBC}") = "Aiwins.Docs.Domain", "src\Aiwins.Docs.Domain\Aiwins.Docs.Domain.csproj", "{32B52924-C66D-4A2A-BCD3-6E511D0A05A4}"
EndProject
Project("{FAE04EC0-301F-11D3-BF4B-00C04F79EFBC}") = "Aiwins.Docs.Application.Contracts", "src\Aiwins.Docs.Application.Contracts\Aiwins.Docs.Application.Contracts.csproj", "{A73B46E6-C49E-40BA-A234-0DCF9ACAB31E}"
EndProject
Project("{FAE04EC0-301F-11D3-BF4B-00C04F79EFBC}") = "Aiwins.Docs.Application", "src\Aiwins.Docs.Application\Aiwins.Docs.Application.csproj", "{4E31BBA6-0E55-4DB3-B977-67CF6689ABF0}"
EndProject
Project("{FAE04EC0-301F-11D3-BF4B-00C04F79EFBC}") = "Aiwins.Docs.Admin.Web", "src\AIwins.Docs.Admin.Web\Aiwins.Docs.Admin.Web.csproj", "{55A72554-C8C8-4286-B7EA-7F44BC2FF989}"
EndProject
Project("{FAE04EC0-301F-11D3-BF4B-00C04F79EFBC}") = "Aiwins.Docs.Admin.HttpApi.Client", "src\Aiwins.Docs.Admin.HttpApi.Client\Aiwins.Docs.Admin.HttpApi.Client.csproj", "{97D3D3A3-87A9-4A7F-AF88-D0F04356467E}"
EndProject
Project("{FAE04EC0-301F-11D3-BF4B-00C04F79EFBC}") = "Aiwins.Docs.Admin.HttpApi", "src\Aiwins.Docs.Admin.HttpApi\Aiwins.Docs.Admin.HttpApi.csproj", "{4068C0AF-18B7-4E1B-8BE5-95D69EF40F46}"
EndProject
Project("{FAE04EC0-301F-11D3-BF4B-00C04F79EFBC}") = "Aiwins.Docs.Admin.Application.Contracts", "src\Aiwins.Docs.Admin.Application.Contracts\Aiwins.Docs.Admin.Application.Contracts.csproj", "{7A791193-0E7B-40A2-8840-CBCB712FA39B}"
EndProject
Project("{FAE04EC0-301F-11D3-BF4B-00C04F79EFBC}") = "AIwins.Docs.Admin.Application", "src\Aiwins.Docs.Admin.Application\AIwins.Docs.Admin.Application.csproj", "{695359C3-83D8-482B-AC1D-879D119B3AD2}"
EndProject
Project("{FAE04EC0-301F-11D3-BF4B-00C04F79EFBC}") = "AiwinsDocs.Web", "app\AiwinsDocs.Web\AiwinsDocs.Web.csproj", "{3FD26E29-EC26-4D35-92D3-24C8FA0219BB}"
EndProject
Project("{FAE04EC0-301F-11D3-BF4B-00C04F79EFBC}") = "AiwinsDocs.Migrator", "app\AiwinsDocs.Migrator\AiwinsDocs.Migrator.csproj", "{38C13FAC-1691-4307-8A28-B966C7831FA9}"
EndProject
Project("{FAE04EC0-301F-11D3-BF4B-00C04F79EFBC}") = "AiwinsDocs.EntityFrameworkCore", "app\AiwinsDocs.EntityFrameworkCore\AiwinsDocs.EntityFrameworkCore.csproj", "{88789551-BB90-4A68-89B7-3197E885BAE9}"
EndProject
Global
	GlobalSection(SolutionConfigurationPlatforms) = preSolution
		Debug|Any CPU = Debug|Any CPU
		Debug|x64 = Debug|x64
		Debug|x86 = Debug|x86
		Release|Any CPU = Release|Any CPU
		Release|x64 = Release|x64
		Release|x86 = Release|x86
	EndGlobalSection
	GlobalSection(SolutionProperties) = preSolution
		HideSolutionNode = FALSE
	EndGlobalSection
	GlobalSection(ProjectConfigurationPlatforms) = postSolution
		{64DF6BD2-2689-4A30-9BA1-DEB0ADCAC8C8}.Debug|Any CPU.ActiveCfg = Debug|Any CPU
		{64DF6BD2-2689-4A30-9BA1-DEB0ADCAC8C8}.Debug|Any CPU.Build.0 = Debug|Any CPU
		{64DF6BD2-2689-4A30-9BA1-DEB0ADCAC8C8}.Debug|x64.ActiveCfg = Debug|Any CPU
		{64DF6BD2-2689-4A30-9BA1-DEB0ADCAC8C8}.Debug|x64.Build.0 = Debug|Any CPU
		{64DF6BD2-2689-4A30-9BA1-DEB0ADCAC8C8}.Debug|x86.ActiveCfg = Debug|Any CPU
		{64DF6BD2-2689-4A30-9BA1-DEB0ADCAC8C8}.Debug|x86.Build.0 = Debug|Any CPU
		{64DF6BD2-2689-4A30-9BA1-DEB0ADCAC8C8}.Release|Any CPU.ActiveCfg = Release|Any CPU
		{64DF6BD2-2689-4A30-9BA1-DEB0ADCAC8C8}.Release|Any CPU.Build.0 = Release|Any CPU
		{64DF6BD2-2689-4A30-9BA1-DEB0ADCAC8C8}.Release|x64.ActiveCfg = Release|Any CPU
		{64DF6BD2-2689-4A30-9BA1-DEB0ADCAC8C8}.Release|x64.Build.0 = Release|Any CPU
		{64DF6BD2-2689-4A30-9BA1-DEB0ADCAC8C8}.Release|x86.ActiveCfg = Release|Any CPU
		{64DF6BD2-2689-4A30-9BA1-DEB0ADCAC8C8}.Release|x86.Build.0 = Release|Any CPU
		{A1621EE1-7597-4FC5-8A62-E9E87FF3CCBA}.Debug|Any CPU.ActiveCfg = Debug|Any CPU
		{A1621EE1-7597-4FC5-8A62-E9E87FF3CCBA}.Debug|Any CPU.Build.0 = Debug|Any CPU
		{A1621EE1-7597-4FC5-8A62-E9E87FF3CCBA}.Debug|x64.ActiveCfg = Debug|Any CPU
		{A1621EE1-7597-4FC5-8A62-E9E87FF3CCBA}.Debug|x64.Build.0 = Debug|Any CPU
		{A1621EE1-7597-4FC5-8A62-E9E87FF3CCBA}.Debug|x86.ActiveCfg = Debug|Any CPU
		{A1621EE1-7597-4FC5-8A62-E9E87FF3CCBA}.Debug|x86.Build.0 = Debug|Any CPU
		{A1621EE1-7597-4FC5-8A62-E9E87FF3CCBA}.Release|Any CPU.ActiveCfg = Release|Any CPU
		{A1621EE1-7597-4FC5-8A62-E9E87FF3CCBA}.Release|Any CPU.Build.0 = Release|Any CPU
		{A1621EE1-7597-4FC5-8A62-E9E87FF3CCBA}.Release|x64.ActiveCfg = Release|Any CPU
		{A1621EE1-7597-4FC5-8A62-E9E87FF3CCBA}.Release|x64.Build.0 = Release|Any CPU
		{A1621EE1-7597-4FC5-8A62-E9E87FF3CCBA}.Release|x86.ActiveCfg = Release|Any CPU
		{A1621EE1-7597-4FC5-8A62-E9E87FF3CCBA}.Release|x86.Build.0 = Release|Any CPU
		{1BF052D5-B743-4D16-B6BB-CF7F12949CE5}.Debug|Any CPU.ActiveCfg = Debug|Any CPU
		{1BF052D5-B743-4D16-B6BB-CF7F12949CE5}.Debug|Any CPU.Build.0 = Debug|Any CPU
		{1BF052D5-B743-4D16-B6BB-CF7F12949CE5}.Debug|x64.ActiveCfg = Debug|Any CPU
		{1BF052D5-B743-4D16-B6BB-CF7F12949CE5}.Debug|x64.Build.0 = Debug|Any CPU
		{1BF052D5-B743-4D16-B6BB-CF7F12949CE5}.Debug|x86.ActiveCfg = Debug|Any CPU
		{1BF052D5-B743-4D16-B6BB-CF7F12949CE5}.Debug|x86.Build.0 = Debug|Any CPU
		{1BF052D5-B743-4D16-B6BB-CF7F12949CE5}.Release|Any CPU.ActiveCfg = Release|Any CPU
		{1BF052D5-B743-4D16-B6BB-CF7F12949CE5}.Release|Any CPU.Build.0 = Release|Any CPU
		{1BF052D5-B743-4D16-B6BB-CF7F12949CE5}.Release|x64.ActiveCfg = Release|Any CPU
		{1BF052D5-B743-4D16-B6BB-CF7F12949CE5}.Release|x64.Build.0 = Release|Any CPU
		{1BF052D5-B743-4D16-B6BB-CF7F12949CE5}.Release|x86.ActiveCfg = Release|Any CPU
		{1BF052D5-B743-4D16-B6BB-CF7F12949CE5}.Release|x86.Build.0 = Release|Any CPU
		{B683A349-E281-49EC-8515-1408F6DDC318}.Debug|Any CPU.ActiveCfg = Debug|Any CPU
		{B683A349-E281-49EC-8515-1408F6DDC318}.Debug|Any CPU.Build.0 = Debug|Any CPU
		{B683A349-E281-49EC-8515-1408F6DDC318}.Debug|x64.ActiveCfg = Debug|Any CPU
		{B683A349-E281-49EC-8515-1408F6DDC318}.Debug|x64.Build.0 = Debug|Any CPU
		{B683A349-E281-49EC-8515-1408F6DDC318}.Debug|x86.ActiveCfg = Debug|Any CPU
		{B683A349-E281-49EC-8515-1408F6DDC318}.Debug|x86.Build.0 = Debug|Any CPU
		{B683A349-E281-49EC-8515-1408F6DDC318}.Release|Any CPU.ActiveCfg = Release|Any CPU
		{B683A349-E281-49EC-8515-1408F6DDC318}.Release|Any CPU.Build.0 = Release|Any CPU
		{B683A349-E281-49EC-8515-1408F6DDC318}.Release|x64.ActiveCfg = Release|Any CPU
		{B683A349-E281-49EC-8515-1408F6DDC318}.Release|x64.Build.0 = Release|Any CPU
		{B683A349-E281-49EC-8515-1408F6DDC318}.Release|x86.ActiveCfg = Release|Any CPU
		{B683A349-E281-49EC-8515-1408F6DDC318}.Release|x86.Build.0 = Release|Any CPU
		{BA2A462D-137D-477E-9D4B-7F42459F301E}.Debug|Any CPU.ActiveCfg = Debug|Any CPU
		{BA2A462D-137D-477E-9D4B-7F42459F301E}.Debug|Any CPU.Build.0 = Debug|Any CPU
		{BA2A462D-137D-477E-9D4B-7F42459F301E}.Debug|x64.ActiveCfg = Debug|Any CPU
		{BA2A462D-137D-477E-9D4B-7F42459F301E}.Debug|x64.Build.0 = Debug|Any CPU
		{BA2A462D-137D-477E-9D4B-7F42459F301E}.Debug|x86.ActiveCfg = Debug|Any CPU
		{BA2A462D-137D-477E-9D4B-7F42459F301E}.Debug|x86.Build.0 = Debug|Any CPU
		{BA2A462D-137D-477E-9D4B-7F42459F301E}.Release|Any CPU.ActiveCfg = Release|Any CPU
		{BA2A462D-137D-477E-9D4B-7F42459F301E}.Release|Any CPU.Build.0 = Release|Any CPU
		{BA2A462D-137D-477E-9D4B-7F42459F301E}.Release|x64.ActiveCfg = Release|Any CPU
		{BA2A462D-137D-477E-9D4B-7F42459F301E}.Release|x64.Build.0 = Release|Any CPU
		{BA2A462D-137D-477E-9D4B-7F42459F301E}.Release|x86.ActiveCfg = Release|Any CPU
		{BA2A462D-137D-477E-9D4B-7F42459F301E}.Release|x86.Build.0 = Release|Any CPU
		{545B3F7E-4450-422C-83ED-8DB56E022587}.Debug|Any CPU.ActiveCfg = Debug|Any CPU
		{545B3F7E-4450-422C-83ED-8DB56E022587}.Debug|Any CPU.Build.0 = Debug|Any CPU
		{545B3F7E-4450-422C-83ED-8DB56E022587}.Debug|x64.ActiveCfg = Debug|Any CPU
		{545B3F7E-4450-422C-83ED-8DB56E022587}.Debug|x64.Build.0 = Debug|Any CPU
		{545B3F7E-4450-422C-83ED-8DB56E022587}.Debug|x86.ActiveCfg = Debug|Any CPU
		{545B3F7E-4450-422C-83ED-8DB56E022587}.Debug|x86.Build.0 = Debug|Any CPU
		{545B3F7E-4450-422C-83ED-8DB56E022587}.Release|Any CPU.ActiveCfg = Release|Any CPU
		{545B3F7E-4450-422C-83ED-8DB56E022587}.Release|Any CPU.Build.0 = Release|Any CPU
		{545B3F7E-4450-422C-83ED-8DB56E022587}.Release|x64.ActiveCfg = Release|Any CPU
		{545B3F7E-4450-422C-83ED-8DB56E022587}.Release|x64.Build.0 = Release|Any CPU
		{545B3F7E-4450-422C-83ED-8DB56E022587}.Release|x86.ActiveCfg = Release|Any CPU
		{545B3F7E-4450-422C-83ED-8DB56E022587}.Release|x86.Build.0 = Release|Any CPU
		{32B52924-C66D-4A2A-BCD3-6E511D0A05A4}.Debug|Any CPU.ActiveCfg = Debug|Any CPU
		{32B52924-C66D-4A2A-BCD3-6E511D0A05A4}.Debug|Any CPU.Build.0 = Debug|Any CPU
		{32B52924-C66D-4A2A-BCD3-6E511D0A05A4}.Debug|x64.ActiveCfg = Debug|Any CPU
		{32B52924-C66D-4A2A-BCD3-6E511D0A05A4}.Debug|x64.Build.0 = Debug|Any CPU
		{32B52924-C66D-4A2A-BCD3-6E511D0A05A4}.Debug|x86.ActiveCfg = Debug|Any CPU
		{32B52924-C66D-4A2A-BCD3-6E511D0A05A4}.Debug|x86.Build.0 = Debug|Any CPU
		{32B52924-C66D-4A2A-BCD3-6E511D0A05A4}.Release|Any CPU.ActiveCfg = Release|Any CPU
		{32B52924-C66D-4A2A-BCD3-6E511D0A05A4}.Release|Any CPU.Build.0 = Release|Any CPU
		{32B52924-C66D-4A2A-BCD3-6E511D0A05A4}.Release|x64.ActiveCfg = Release|Any CPU
		{32B52924-C66D-4A2A-BCD3-6E511D0A05A4}.Release|x64.Build.0 = Release|Any CPU
		{32B52924-C66D-4A2A-BCD3-6E511D0A05A4}.Release|x86.ActiveCfg = Release|Any CPU
		{32B52924-C66D-4A2A-BCD3-6E511D0A05A4}.Release|x86.Build.0 = Release|Any CPU
		{A73B46E6-C49E-40BA-A234-0DCF9ACAB31E}.Debug|Any CPU.ActiveCfg = Debug|Any CPU
		{A73B46E6-C49E-40BA-A234-0DCF9ACAB31E}.Debug|Any CPU.Build.0 = Debug|Any CPU
		{A73B46E6-C49E-40BA-A234-0DCF9ACAB31E}.Debug|x64.ActiveCfg = Debug|Any CPU
		{A73B46E6-C49E-40BA-A234-0DCF9ACAB31E}.Debug|x64.Build.0 = Debug|Any CPU
		{A73B46E6-C49E-40BA-A234-0DCF9ACAB31E}.Debug|x86.ActiveCfg = Debug|Any CPU
		{A73B46E6-C49E-40BA-A234-0DCF9ACAB31E}.Debug|x86.Build.0 = Debug|Any CPU
		{A73B46E6-C49E-40BA-A234-0DCF9ACAB31E}.Release|Any CPU.ActiveCfg = Release|Any CPU
		{A73B46E6-C49E-40BA-A234-0DCF9ACAB31E}.Release|Any CPU.Build.0 = Release|Any CPU
		{A73B46E6-C49E-40BA-A234-0DCF9ACAB31E}.Release|x64.ActiveCfg = Release|Any CPU
		{A73B46E6-C49E-40BA-A234-0DCF9ACAB31E}.Release|x64.Build.0 = Release|Any CPU
		{A73B46E6-C49E-40BA-A234-0DCF9ACAB31E}.Release|x86.ActiveCfg = Release|Any CPU
		{A73B46E6-C49E-40BA-A234-0DCF9ACAB31E}.Release|x86.Build.0 = Release|Any CPU
		{4E31BBA6-0E55-4DB3-B977-67CF6689ABF0}.Debug|Any CPU.ActiveCfg = Debug|Any CPU
		{4E31BBA6-0E55-4DB3-B977-67CF6689ABF0}.Debug|Any CPU.Build.0 = Debug|Any CPU
		{4E31BBA6-0E55-4DB3-B977-67CF6689ABF0}.Debug|x64.ActiveCfg = Debug|Any CPU
		{4E31BBA6-0E55-4DB3-B977-67CF6689ABF0}.Debug|x64.Build.0 = Debug|Any CPU
		{4E31BBA6-0E55-4DB3-B977-67CF6689ABF0}.Debug|x86.ActiveCfg = Debug|Any CPU
		{4E31BBA6-0E55-4DB3-B977-67CF6689ABF0}.Debug|x86.Build.0 = Debug|Any CPU
		{4E31BBA6-0E55-4DB3-B977-67CF6689ABF0}.Release|Any CPU.ActiveCfg = Release|Any CPU
		{4E31BBA6-0E55-4DB3-B977-67CF6689ABF0}.Release|Any CPU.Build.0 = Release|Any CPU
		{4E31BBA6-0E55-4DB3-B977-67CF6689ABF0}.Release|x64.ActiveCfg = Release|Any CPU
		{4E31BBA6-0E55-4DB3-B977-67CF6689ABF0}.Release|x64.Build.0 = Release|Any CPU
		{4E31BBA6-0E55-4DB3-B977-67CF6689ABF0}.Release|x86.ActiveCfg = Release|Any CPU
		{4E31BBA6-0E55-4DB3-B977-67CF6689ABF0}.Release|x86.Build.0 = Release|Any CPU
		{55A72554-C8C8-4286-B7EA-7F44BC2FF989}.Debug|Any CPU.ActiveCfg = Debug|Any CPU
		{55A72554-C8C8-4286-B7EA-7F44BC2FF989}.Debug|Any CPU.Build.0 = Debug|Any CPU
		{55A72554-C8C8-4286-B7EA-7F44BC2FF989}.Debug|x64.ActiveCfg = Debug|Any CPU
		{55A72554-C8C8-4286-B7EA-7F44BC2FF989}.Debug|x64.Build.0 = Debug|Any CPU
		{55A72554-C8C8-4286-B7EA-7F44BC2FF989}.Debug|x86.ActiveCfg = Debug|Any CPU
		{55A72554-C8C8-4286-B7EA-7F44BC2FF989}.Debug|x86.Build.0 = Debug|Any CPU
		{55A72554-C8C8-4286-B7EA-7F44BC2FF989}.Release|Any CPU.ActiveCfg = Release|Any CPU
		{55A72554-C8C8-4286-B7EA-7F44BC2FF989}.Release|Any CPU.Build.0 = Release|Any CPU
		{55A72554-C8C8-4286-B7EA-7F44BC2FF989}.Release|x64.ActiveCfg = Release|Any CPU
		{55A72554-C8C8-4286-B7EA-7F44BC2FF989}.Release|x64.Build.0 = Release|Any CPU
		{55A72554-C8C8-4286-B7EA-7F44BC2FF989}.Release|x86.ActiveCfg = Release|Any CPU
		{55A72554-C8C8-4286-B7EA-7F44BC2FF989}.Release|x86.Build.0 = Release|Any CPU
		{97D3D3A3-87A9-4A7F-AF88-D0F04356467E}.Debug|Any CPU.ActiveCfg = Debug|Any CPU
		{97D3D3A3-87A9-4A7F-AF88-D0F04356467E}.Debug|Any CPU.Build.0 = Debug|Any CPU
		{97D3D3A3-87A9-4A7F-AF88-D0F04356467E}.Debug|x64.ActiveCfg = Debug|Any CPU
		{97D3D3A3-87A9-4A7F-AF88-D0F04356467E}.Debug|x64.Build.0 = Debug|Any CPU
		{97D3D3A3-87A9-4A7F-AF88-D0F04356467E}.Debug|x86.ActiveCfg = Debug|Any CPU
		{97D3D3A3-87A9-4A7F-AF88-D0F04356467E}.Debug|x86.Build.0 = Debug|Any CPU
		{97D3D3A3-87A9-4A7F-AF88-D0F04356467E}.Release|Any CPU.ActiveCfg = Release|Any CPU
		{97D3D3A3-87A9-4A7F-AF88-D0F04356467E}.Release|Any CPU.Build.0 = Release|Any CPU
		{97D3D3A3-87A9-4A7F-AF88-D0F04356467E}.Release|x64.ActiveCfg = Release|Any CPU
		{97D3D3A3-87A9-4A7F-AF88-D0F04356467E}.Release|x64.Build.0 = Release|Any CPU
		{97D3D3A3-87A9-4A7F-AF88-D0F04356467E}.Release|x86.ActiveCfg = Release|Any CPU
		{97D3D3A3-87A9-4A7F-AF88-D0F04356467E}.Release|x86.Build.0 = Release|Any CPU
		{4068C0AF-18B7-4E1B-8BE5-95D69EF40F46}.Debug|Any CPU.ActiveCfg = Debug|Any CPU
		{4068C0AF-18B7-4E1B-8BE5-95D69EF40F46}.Debug|Any CPU.Build.0 = Debug|Any CPU
		{4068C0AF-18B7-4E1B-8BE5-95D69EF40F46}.Debug|x64.ActiveCfg = Debug|Any CPU
		{4068C0AF-18B7-4E1B-8BE5-95D69EF40F46}.Debug|x64.Build.0 = Debug|Any CPU
		{4068C0AF-18B7-4E1B-8BE5-95D69EF40F46}.Debug|x86.ActiveCfg = Debug|Any CPU
		{4068C0AF-18B7-4E1B-8BE5-95D69EF40F46}.Debug|x86.Build.0 = Debug|Any CPU
		{4068C0AF-18B7-4E1B-8BE5-95D69EF40F46}.Release|Any CPU.ActiveCfg = Release|Any CPU
		{4068C0AF-18B7-4E1B-8BE5-95D69EF40F46}.Release|Any CPU.Build.0 = Release|Any CPU
		{4068C0AF-18B7-4E1B-8BE5-95D69EF40F46}.Release|x64.ActiveCfg = Release|Any CPU
		{4068C0AF-18B7-4E1B-8BE5-95D69EF40F46}.Release|x64.Build.0 = Release|Any CPU
		{4068C0AF-18B7-4E1B-8BE5-95D69EF40F46}.Release|x86.ActiveCfg = Release|Any CPU
		{4068C0AF-18B7-4E1B-8BE5-95D69EF40F46}.Release|x86.Build.0 = Release|Any CPU
		{7A791193-0E7B-40A2-8840-CBCB712FA39B}.Debug|Any CPU.ActiveCfg = Debug|Any CPU
		{7A791193-0E7B-40A2-8840-CBCB712FA39B}.Debug|Any CPU.Build.0 = Debug|Any CPU
		{7A791193-0E7B-40A2-8840-CBCB712FA39B}.Debug|x64.ActiveCfg = Debug|Any CPU
		{7A791193-0E7B-40A2-8840-CBCB712FA39B}.Debug|x64.Build.0 = Debug|Any CPU
		{7A791193-0E7B-40A2-8840-CBCB712FA39B}.Debug|x86.ActiveCfg = Debug|Any CPU
		{7A791193-0E7B-40A2-8840-CBCB712FA39B}.Debug|x86.Build.0 = Debug|Any CPU
		{7A791193-0E7B-40A2-8840-CBCB712FA39B}.Release|Any CPU.ActiveCfg = Release|Any CPU
		{7A791193-0E7B-40A2-8840-CBCB712FA39B}.Release|Any CPU.Build.0 = Release|Any CPU
		{7A791193-0E7B-40A2-8840-CBCB712FA39B}.Release|x64.ActiveCfg = Release|Any CPU
		{7A791193-0E7B-40A2-8840-CBCB712FA39B}.Release|x64.Build.0 = Release|Any CPU
		{7A791193-0E7B-40A2-8840-CBCB712FA39B}.Release|x86.ActiveCfg = Release|Any CPU
		{7A791193-0E7B-40A2-8840-CBCB712FA39B}.Release|x86.Build.0 = Release|Any CPU
		{695359C3-83D8-482B-AC1D-879D119B3AD2}.Debug|Any CPU.ActiveCfg = Debug|Any CPU
		{695359C3-83D8-482B-AC1D-879D119B3AD2}.Debug|Any CPU.Build.0 = Debug|Any CPU
		{695359C3-83D8-482B-AC1D-879D119B3AD2}.Debug|x64.ActiveCfg = Debug|Any CPU
		{695359C3-83D8-482B-AC1D-879D119B3AD2}.Debug|x64.Build.0 = Debug|Any CPU
		{695359C3-83D8-482B-AC1D-879D119B3AD2}.Debug|x86.ActiveCfg = Debug|Any CPU
		{695359C3-83D8-482B-AC1D-879D119B3AD2}.Debug|x86.Build.0 = Debug|Any CPU
		{695359C3-83D8-482B-AC1D-879D119B3AD2}.Release|Any CPU.ActiveCfg = Release|Any CPU
		{695359C3-83D8-482B-AC1D-879D119B3AD2}.Release|Any CPU.Build.0 = Release|Any CPU
		{695359C3-83D8-482B-AC1D-879D119B3AD2}.Release|x64.ActiveCfg = Release|Any CPU
		{695359C3-83D8-482B-AC1D-879D119B3AD2}.Release|x64.Build.0 = Release|Any CPU
		{695359C3-83D8-482B-AC1D-879D119B3AD2}.Release|x86.ActiveCfg = Release|Any CPU
		{695359C3-83D8-482B-AC1D-879D119B3AD2}.Release|x86.Build.0 = Release|Any CPU
		{3FD26E29-EC26-4D35-92D3-24C8FA0219BB}.Debug|Any CPU.ActiveCfg = Debug|Any CPU
		{3FD26E29-EC26-4D35-92D3-24C8FA0219BB}.Debug|Any CPU.Build.0 = Debug|Any CPU
		{3FD26E29-EC26-4D35-92D3-24C8FA0219BB}.Debug|x64.ActiveCfg = Debug|Any CPU
		{3FD26E29-EC26-4D35-92D3-24C8FA0219BB}.Debug|x64.Build.0 = Debug|Any CPU
		{3FD26E29-EC26-4D35-92D3-24C8FA0219BB}.Debug|x86.ActiveCfg = Debug|Any CPU
		{3FD26E29-EC26-4D35-92D3-24C8FA0219BB}.Debug|x86.Build.0 = Debug|Any CPU
		{3FD26E29-EC26-4D35-92D3-24C8FA0219BB}.Release|Any CPU.ActiveCfg = Release|Any CPU
		{3FD26E29-EC26-4D35-92D3-24C8FA0219BB}.Release|Any CPU.Build.0 = Release|Any CPU
		{3FD26E29-EC26-4D35-92D3-24C8FA0219BB}.Release|x64.ActiveCfg = Release|Any CPU
		{3FD26E29-EC26-4D35-92D3-24C8FA0219BB}.Release|x64.Build.0 = Release|Any CPU
		{3FD26E29-EC26-4D35-92D3-24C8FA0219BB}.Release|x86.ActiveCfg = Release|Any CPU
		{3FD26E29-EC26-4D35-92D3-24C8FA0219BB}.Release|x86.Build.0 = Release|Any CPU
		{38C13FAC-1691-4307-8A28-B966C7831FA9}.Debug|Any CPU.ActiveCfg = Debug|Any CPU
		{38C13FAC-1691-4307-8A28-B966C7831FA9}.Debug|Any CPU.Build.0 = Debug|Any CPU
		{38C13FAC-1691-4307-8A28-B966C7831FA9}.Debug|x64.ActiveCfg = Debug|Any CPU
		{38C13FAC-1691-4307-8A28-B966C7831FA9}.Debug|x64.Build.0 = Debug|Any CPU
		{38C13FAC-1691-4307-8A28-B966C7831FA9}.Debug|x86.ActiveCfg = Debug|Any CPU
		{38C13FAC-1691-4307-8A28-B966C7831FA9}.Debug|x86.Build.0 = Debug|Any CPU
		{38C13FAC-1691-4307-8A28-B966C7831FA9}.Release|Any CPU.ActiveCfg = Release|Any CPU
		{38C13FAC-1691-4307-8A28-B966C7831FA9}.Release|Any CPU.Build.0 = Release|Any CPU
		{38C13FAC-1691-4307-8A28-B966C7831FA9}.Release|x64.ActiveCfg = Release|Any CPU
		{38C13FAC-1691-4307-8A28-B966C7831FA9}.Release|x64.Build.0 = Release|Any CPU
		{38C13FAC-1691-4307-8A28-B966C7831FA9}.Release|x86.ActiveCfg = Release|Any CPU
		{38C13FAC-1691-4307-8A28-B966C7831FA9}.Release|x86.Build.0 = Release|Any CPU
		{88789551-BB90-4A68-89B7-3197E885BAE9}.Debug|Any CPU.ActiveCfg = Debug|Any CPU
		{88789551-BB90-4A68-89B7-3197E885BAE9}.Debug|Any CPU.Build.0 = Debug|Any CPU
		{88789551-BB90-4A68-89B7-3197E885BAE9}.Debug|x64.ActiveCfg = Debug|Any CPU
		{88789551-BB90-4A68-89B7-3197E885BAE9}.Debug|x64.Build.0 = Debug|Any CPU
		{88789551-BB90-4A68-89B7-3197E885BAE9}.Debug|x86.ActiveCfg = Debug|Any CPU
		{88789551-BB90-4A68-89B7-3197E885BAE9}.Debug|x86.Build.0 = Debug|Any CPU
		{88789551-BB90-4A68-89B7-3197E885BAE9}.Release|Any CPU.ActiveCfg = Release|Any CPU
		{88789551-BB90-4A68-89B7-3197E885BAE9}.Release|Any CPU.Build.0 = Release|Any CPU
		{88789551-BB90-4A68-89B7-3197E885BAE9}.Release|x64.ActiveCfg = Release|Any CPU
		{88789551-BB90-4A68-89B7-3197E885BAE9}.Release|x64.Build.0 = Release|Any CPU
		{88789551-BB90-4A68-89B7-3197E885BAE9}.Release|x86.ActiveCfg = Release|Any CPU
		{88789551-BB90-4A68-89B7-3197E885BAE9}.Release|x86.Build.0 = Release|Any CPU
	EndGlobalSection
EndGlobal
