# THIS IS AN AUTOGENERATED FILE. DO NOT EDIT THIS FILE DIRECTLY.
# yarn lockfile v1


"@aiwins/core@^1.1.0":
  version "1.1.0"
  resolved "https://registry.yarnpkg.com/@aiwins/core/-/core-1.1.0.tgz#c5d0021174539dec0322b720668c37ff2f9e40f7"
  integrity sha512-vemX3OhYqetrXuvK4kqTIEia2NG+gCH0zcxWt7dgtkWc5Z2P3JLjkufLoYNX9WySbDC0xKwlZznvSkISGKm4LQ==
  dependencies:
    "@aiwins/utils" "^1.1.0"

"@aiwins/jquery@^1.1.0":
  version "1.1.0"
  resolved "https://registry.yarnpkg.com/@aiwins/jquery/-/jquery-1.1.0.tgz#f2498e79afbbf7d5887d705c557fabf46e51a3e9"
  integrity sha512-oI5LChFuHAV3mOvHxctDpxtuZ8noj5enxJOV9cR1Ft2ZJywvDxKWOpBrz84cziD4ab4qyqwbfLOknL1anzmfWQ==
  dependencies:
    "@aiwins/core" "^1.1.0"
    jquery "^3.4.1"

"@aiwins/utils@^1.1.0":
  version "1.1.0"
  resolved "https://registry.yarnpkg.com/@aiwins/utils/-/utils-1.1.0.tgz#a01ecf56e8f4a08e45afadd17d65d92d927c20cd"
  integrity sha512-nawxFOlEdpI//gwwk+EvNrQkltkulR6B+IQ5EZHU4MkH7sM91nNKl3GnpmoQjdz/jY3xwrslzM0sQp54vcJ7+g==
  dependencies:
    just-compare "^1.3.0"

datatables.net@^1.10.20:
  version "1.10.21"
  resolved "https://registry.yarnpkg.com/datatables.net/-/datatables.net-1.10.21.tgz#f1d35c8e5c3eb7f5caef39e80cd5b836a8c77103"
  integrity sha512-/bSZtxmf3GTpYcvEmwZ8q26I1yhSx8qklR2B+s1K8+/51UW/zc2zTYwJMqr/Z+iCYixAc00ildj4g2x0Qamolw==
  dependencies:
    jquery ">=1.7"

jquery@>=1.7, jquery@^3.4.1:
  version "3.5.1"
  resolved "https://registry.yarnpkg.com/jquery/-/jquery-3.5.1.tgz#d7b4d08e1bfdb86ad2f1a3d039ea17304717abb5"
  integrity sha512-XwIBPqcMn57FxfT+Go5pzySnm4KWkT1Tv7gjrpT1srtf8Weynl6R273VJ5GjkRb51IzMp5nbaPjJXMWeju2MKg==

just-compare@^1.3.0:
  version "1.3.0"
  resolved "https://registry.yarnpkg.com/just-compare/-/just-compare-1.3.0.tgz#a53c31373f150a5b238555c243af4d8a38d7a0e5"
  integrity sha512-i4QNo3mPYubDmAwPbCKQl5C2b5s0yudP5V5GDp6lGR1PM22Em4Idf7mcaIzXYcL6/RLdZtuGrAqkBe9RYM/t4w==
