# THIS IS AN AUTOGENERATED FILE. DO NOT EDIT THIS FILE DIRECTLY.
# yarn lockfile v1


flag-icon-css@^3.4.5:
  version "3.4.6"
  resolved "https://registry.yarnpkg.com/flag-icon-css/-/flag-icon-css-3.4.6.tgz#7e51099c85648c65f86d9ebb9c0ec6f5d8826714"
  integrity sha512-rF69rt19Hr63SRQTiPBzQABaYB20LAgZhDkr/AxqSdgmCIN+tC5PRMz56Y0gxehFXJmdRwv55+GMi7R1fCRTwg==
