# THIS IS AN AUTOGENERATED FILE. DO NOT EDIT THIS FILE DIRECTLY.
# yarn lockfile v1


"@aiwins/anchor-js@^1.1.0":
  version "1.1.0"
  resolved "https://registry.yarnpkg.com/@aiwins/anchor-js/-/anchor-js-1.1.0.tgz#a64a170524354cb1442e4f4ee1cad4c08154b1c7"
  integrity sha512-umLNwN7Cuk5KJvbzpt/RqZ9GBsH/r3OCyogGttPIYAMkDWEyshxuo7C88G9YM8o5oc/nMHLz09EI15OZ1WD8Bg==
  dependencies:
    "@aiwins/core" "^1.1.0"
    anchor-js "^4.2.2"

"@aiwins/clipboard@^1.1.0":
  version "1.1.0"
  resolved "https://registry.yarnpkg.com/@aiwins/clipboard/-/clipboard-1.1.0.tgz#f6bb1bda06845569caf9af1cbad6a9646232fdaa"
  integrity sha512-oWrxWY+apREI9X7Gp1zjlmW/i3YjGdIr2GasKgbrSu4pHxhTz5F4SKx8JOF3SJIX3PQu8w2g6GtgxfRdf3CyYg==
  dependencies:
    "@aiwins/core" "^1.1.0"
    clipboard "^2.0.4"

"@aiwins/core@^1.1.0":
  version "1.1.0"
  resolved "https://registry.yarnpkg.com/@aiwins/core/-/core-1.1.0.tgz#c5d0021174539dec0322b720668c37ff2f9e40f7"
  integrity sha512-vemX3OhYqetrXuvK4kqTIEia2NG+gCH0zcxWt7dgtkWc5Z2P3JLjkufLoYNX9WySbDC0xKwlZznvSkISGKm4LQ==
  dependencies:
    "@aiwins/utils" "^1.1.0"

"@aiwins/malihu-custom-scrollbar-plugin@^1.1.0":
  version "1.1.0"
  resolved "https://registry.yarnpkg.com/@aiwins/malihu-custom-scrollbar-plugin/-/malihu-custom-scrollbar-plugin-1.1.0.tgz#f1315474f847cf04b65aed6199713be78b34c357"
  integrity sha512-06gTuLNpIjSPGhg8LjKvoHr2R1T1YhRH7jPJuLDM2gi8WkD4xWtBVOZHCDkmSffZ7QipG73NYXgxGGN+4QJX2Q==
  dependencies:
    "@aiwins/core" "^1.1.0"
    malihu-custom-scrollbar-plugin "^3.1.5"

"@aiwins/popper.js@^1.1.0":
  version "1.1.0"
  resolved "https://registry.yarnpkg.com/@aiwins/popper.js/-/popper.js-1.1.0.tgz#2b9c8a4b28ca79d807a6c02c650c1dc498dd97b2"
  integrity sha512-EI2feuXL29qWO8UcRlpr+2ISMHocFOM7IVZn5pQ1ThyFscqsJlNc7FtdR9xacToOjJMSnNMj3941bZXziZKI5Q==
  dependencies:
    "@aiwins/core" "^1.1.0"
    popper.js "^1.16.0"

"@aiwins/prismjs@^1.1.0":
  version "1.1.0"
  resolved "https://registry.yarnpkg.com/@aiwins/prismjs/-/prismjs-1.1.0.tgz#0bb1a11051551a7515fdc8df02a76b178c399134"
  integrity sha512-NEXudT3Vm6m73sfMXKH7r7kELC3M69+SZoPr1LFpvTg7jFn+Rpvnuqelgyq9vTBiqZQgTd1CmvjhuqwDS3ifaw==
  dependencies:
    "@aiwins/core" "^1.1.0"
    prismjs "^1.17.1"

"@aiwins/utils@^1.1.0":
  version "1.1.0"
  resolved "https://registry.yarnpkg.com/@aiwins/utils/-/utils-1.1.0.tgz#a01ecf56e8f4a08e45afadd17d65d92d927c20cd"
  integrity sha512-nawxFOlEdpI//gwwk+EvNrQkltkulR6B+IQ5EZHU4MkH7sM91nNKl3GnpmoQjdz/jY3xwrslzM0sQp54vcJ7+g==
  dependencies:
    just-compare "^1.3.0"

anchor-js@^4.2.2:
  version "4.2.2"
  resolved "https://registry.yarnpkg.com/anchor-js/-/anchor-js-4.2.2.tgz#e4edd682752cb2afaecdbc03df5c7b31e3c02922"
  integrity sha512-Rg1tGaG4K3avYqDh7rOYCE/odWxpUiHStnlKL/bGOt9cl6NjR06zhPGVQcCAjE5PT48oQeHVgqNmLzxh0Kuk4A==

clipboard@^2.0.0, clipboard@^2.0.4:
  version "2.0.6"
  resolved "https://registry.yarnpkg.com/clipboard/-/clipboard-2.0.6.tgz#52921296eec0fdf77ead1749421b21c968647376"
  integrity sha512-g5zbiixBRk/wyKakSwCKd7vQXDjFnAMGHoEyBogG/bw9kTD9GvdAvaoRR1ALcEzt3pVKxZR0pViekPMIS0QyGg==
  dependencies:
    good-listener "^1.2.2"
    select "^1.1.2"
    tiny-emitter "^2.0.0"

delegate@^3.1.2:
  version "3.2.0"
  resolved "https://registry.yarnpkg.com/delegate/-/delegate-3.2.0.tgz#b66b71c3158522e8ab5744f720d8ca0c2af59166"
  integrity sha512-IofjkYBZaZivn0V8nnsMJGBr4jVLxHDheKSW88PyxS5QC4Vo9ZbZVvhzlSxY87fVq3STR6r+4cGepyHkcWOQSw==

good-listener@^1.2.2:
  version "1.2.2"
  resolved "https://registry.yarnpkg.com/good-listener/-/good-listener-1.2.2.tgz#d53b30cdf9313dffb7dc9a0d477096aa6d145c50"
  integrity sha1-1TswzfkxPf+33JoNR3CWqm0UXFA=
  dependencies:
    delegate "^3.1.2"

jquery-mousewheel@>=3.0.6:
  version "3.1.13"
  resolved "https://registry.yarnpkg.com/jquery-mousewheel/-/jquery-mousewheel-3.1.13.tgz#06f0335f16e353a695e7206bf50503cb523a6ee5"
  integrity sha1-BvAzXxbjU6aV5yBr9QUDy1I6buU=

just-compare@^1.3.0:
  version "1.3.0"
  resolved "https://registry.yarnpkg.com/just-compare/-/just-compare-1.3.0.tgz#a53c31373f150a5b238555c243af4d8a38d7a0e5"
  integrity sha512-i4QNo3mPYubDmAwPbCKQl5C2b5s0yudP5V5GDp6lGR1PM22Em4Idf7mcaIzXYcL6/RLdZtuGrAqkBe9RYM/t4w==

malihu-custom-scrollbar-plugin@^3.1.5:
  version "3.1.5"
  resolved "https://registry.yarnpkg.com/malihu-custom-scrollbar-plugin/-/malihu-custom-scrollbar-plugin-3.1.5.tgz#310cecc5e59415a1c29e9dfb5d2b6e01d66a29ef"
  integrity sha1-MQzsxeWUFaHCnp37XStuAdZqKe8=
  dependencies:
    jquery-mousewheel ">=3.0.6"

popper.js@^1.16.0:
  version "1.16.1"
  resolved "https://registry.yarnpkg.com/popper.js/-/popper.js-1.16.1.tgz#2a223cb3dc7b6213d740e40372be40de43e65b1b"
  integrity sha512-Wb4p1J4zyFTbM+u6WuO4XstYx4Ky9Cewe4DWrel7B0w6VVICvPwdOpotjzcf6eD8TsckVnIMNONQyPIUFOUbCQ==

prismjs@^1.17.1:
  version "1.20.0"
  resolved "https://registry.yarnpkg.com/prismjs/-/prismjs-1.20.0.tgz#9b685fc480a3514ee7198eac6a3bf5024319ff03"
  integrity sha512-AEDjSrVNkynnw6A+B1DsFkd6AVdTnp+/WoUixFRULlCLZVRZlVQMVWio/16jv7G1FscUxQxOQhWwApgbnxr6kQ==
  optionalDependencies:
    clipboard "^2.0.0"

select@^1.1.2:
  version "1.1.2"
  resolved "https://registry.yarnpkg.com/select/-/select-1.1.2.tgz#0e7350acdec80b1108528786ec1d4418d11b396d"
  integrity sha1-DnNQrN7ICxEIUoeG7B1EGNEbOW0=

tiny-emitter@^2.0.0:
  version "2.1.0"
  resolved "https://registry.yarnpkg.com/tiny-emitter/-/tiny-emitter-2.1.0.tgz#1d1a56edfc51c43e863cbb5382a72330e3555423"
  integrity sha512-NB6Dk1A9xgQPMoGqC5CVXn123gWyte215ONT5Pp5a0yt4nlEoO1ZWeCwpncaekPHXO60i47ihFnZPiRPjRMq4Q==
