# THIS IS AN AUTOGENERATED FILE. DO NOT EDIT THIS FILE DIRECTLY.
# yarn lockfile v1


"@aiwins/core@^1.1.0":
  version "1.1.0"
  resolved "https://registry.yarnpkg.com/@aiwins/core/-/core-1.1.0.tgz#c5d0021174539dec0322b720668c37ff2f9e40f7"
  integrity sha512-vemX3OhYqetrXuvK4kqTIEia2NG+gCH0zcxWt7dgtkWc5Z2P3JLjkufLoYNX9WySbDC0xKwlZznvSkISGKm4LQ==
  dependencies:
    "@aiwins/utils" "^1.1.0"

"@aiwins/utils@^1.1.0":
  version "1.1.0"
  resolved "https://registry.yarnpkg.com/@aiwins/utils/-/utils-1.1.0.tgz#a01ecf56e8f4a08e45afadd17d65d92d927c20cd"
  integrity sha512-nawxFOlEdpI//gwwk+EvNrQkltkulR6B+IQ5EZHU4MkH7sM91nNKl3GnpmoQjdz/jY3xwrslzM0sQp54vcJ7+g==
  dependencies:
    just-compare "^1.3.0"

argparse@^1.0.7:
  version "1.0.10"
  resolved "https://registry.yarnpkg.com/argparse/-/argparse-1.0.10.tgz#bcd6791ea5ae09725e17e5ad988134cd40b3d911"
  integrity sha512-o5Roy6tNG4SL/FOkCAN6RzjiakZS25RLYFrcMttJqbdd8BWrnA+fGz57iN5Pb06pvBGvl5gQ0B48dJlslXvoTg==
  dependencies:
    sprintf-js "~1.0.2"

entities@~2.0.0:
  version "2.0.2"
  resolved "https://registry.yarnpkg.com/entities/-/entities-2.0.2.tgz#ac74db0bba8d33808bbf36809c3a5c3683531436"
  integrity sha512-dmD3AvJQBUjKpcNkoqr+x+IF0SdRtPz9Vk0uTy4yWqga9ibB6s4v++QFWNohjiUGoMlF552ZvNyXDxz5iW0qmw==

just-compare@^1.3.0:
  version "1.3.0"
  resolved "https://registry.yarnpkg.com/just-compare/-/just-compare-1.3.0.tgz#a53c31373f150a5b238555c243af4d8a38d7a0e5"
  integrity sha512-i4QNo3mPYubDmAwPbCKQl5C2b5s0yudP5V5GDp6lGR1PM22Em4Idf7mcaIzXYcL6/RLdZtuGrAqkBe9RYM/t4w==

linkify-it@^2.0.0:
  version "2.2.0"
  resolved "https://registry.yarnpkg.com/linkify-it/-/linkify-it-2.2.0.tgz#e3b54697e78bf915c70a38acd78fd09e0058b1cf"
  integrity sha512-GnAl/knGn+i1U/wjBz3akz2stz+HrHLsxMwHQGofCDfPvlf+gDKN58UtfmUquTY4/MXeE2x7k19KQmeoZi94Iw==
  dependencies:
    uc.micro "^1.0.1"

markdown-it@^10.0.0:
  version "10.0.0"
  resolved "https://registry.yarnpkg.com/markdown-it/-/markdown-it-10.0.0.tgz#abfc64f141b1722d663402044e43927f1f50a8dc"
  integrity sha512-YWOP1j7UbDNz+TumYP1kpwnP0aEa711cJjrAQrzd0UXlbJfc5aAq0F/PZHjiioqDC1NKgvIMX+o+9Bk7yuM2dg==
  dependencies:
    argparse "^1.0.7"
    entities "~2.0.0"
    linkify-it "^2.0.0"
    mdurl "^1.0.1"
    uc.micro "^1.0.5"

mdurl@^1.0.1:
  version "1.0.1"
  resolved "https://registry.yarnpkg.com/mdurl/-/mdurl-1.0.1.tgz#fe85b2ec75a59037f2adfec100fd6c601761152e"
  integrity sha1-/oWy7HWlkDfyrf7BAP1sYBdhFS4=

sprintf-js@~1.0.2:
  version "1.0.3"
  resolved "https://registry.yarnpkg.com/sprintf-js/-/sprintf-js-1.0.3.tgz#04e6926f662895354f3dd015203633b857297e2c"
  integrity sha1-BOaSb2YolTVPPdAVIDYzuFcpfiw=

uc.micro@^1.0.1, uc.micro@^1.0.5:
  version "1.0.6"
  resolved "https://registry.yarnpkg.com/uc.micro/-/uc.micro-1.0.6.tgz#9c411a802a409a91fc6cf74081baba34b24499ac"
  integrity sha512-8Y75pvTYkLJW2hWQHXxoqRgV7qb9B+9vFEtidML+7koHUFapnVJAZ6cKs+Qjz5Aw3aZWHMC6u0wJE3At+nSGwA==
